PODS:
  - JSONModel (1.4.0)
  - MBProgressHUD (1.0.0)
  - MJRefresh (3.1.12)
  - MOBFoundation (2.0.10)
  - SDWebImage (3.8.1):
    - SDWebImage/Core (= 3.8.1)
  - SDWebImage/Core (3.8.1)
  - ShareSDK3 (3.4.1):
    - ShareSDK3/ShareSDK (= 3.4.1)
  - ShareSDK3/ShareSDK (3.4.1)
  - ShareSDK3/ShareSDKPlatforms/WeChat (3.4.1)
  - ShareSDK3/ShareSDKUI (3.4.1)

DEPENDENCIES:
  - JSONModel
  - MBProgressHUD
  - MJRefresh
  - MOBFoundation
  - SDWebImage
  - ShareSDK3
  - ShareSDK3/ShareSDKPlatforms/WeChat
  - ShareSDK3/ShareSDKUI

SPEC CHECKSUMS:
  JSONModel: 58fe3f8c29ff95ed94e7ee7dde87e807f5da5371
  MBProgressHUD: 4890f671c94e8a0f3cf959aa731e9de2f036d71a
  MJRefresh: b96cdb21c4aa75a7b07654311ab2f315c497e806
  MOBFoundation: be1a5556482800c5c3515f8fbd32770a6622bd42
  SDWebImage: 35f9627a3e44b4f292a8a8ce6a531fa488239b91
  ShareSDK3: e7bcdfeb95338f89efd6fff82b4793d2bfee76f8

PODFILE CHECKSUM: a3a28db6a07147791a04d6275ed4dcf86e246743

COCOAPODS: 1.0.1
