PODS:
  - FMDB (2.6.2):
    - FMDB/standard (= 2.6.2)
  - FMDB/standard (2.6.2)
  - JSONModel (1.4.0)
  - MBProgressHUD (1.0.0)
  - MJRefresh (3.1.12)
  - MOBFoundation (2.0.10)
  - SDWebImage (3.8.1):
    - SDWebImage/Core (= 3.8.1)
  - SDWebImage/Core (3.8.1)
  - ShareSDK3 (3.4.1):
    - ShareSDK3/ShareSDK (= 3.4.1)
  - ShareSDK3/ShareSDK (3.4.1)
  - ShareSDK3/ShareSDKPlatforms/WeChat (3.4.1)
  - ShareSDK3/ShareSDKUI (3.4.1)
  - SwiftyJSON (2.3.2)

DEPENDENCIES:
  - FMDB
  - JSONModel
  - MBProgressHUD
  - MJRefresh
  - MOBFoundation
  - SDWebImage
  - ShareSDK3
  - ShareSDK3/ShareSDKPlatforms/WeChat
  - ShareSDK3/ShareSDKUI
  - SwiftyJSON (from `https://github.com/IBM-Swift/SwiftyJSON.git`)

EXTERNAL SOURCES:
  SwiftyJSON:
    :git: https://github.com/IBM-Swift/SwiftyJSON.git

CHECKOUT OPTIONS:
  SwiftyJSON:
    :commit: d8de7c8f71df7c939f3d47e7d1fb53f344b471fa
    :git: https://github.com/IBM-Swift/SwiftyJSON.git

SPEC CHECKSUMS:
  FMDB: 854a0341b4726e53276f2a8996f06f1b80f9259a
  JSONModel: 58fe3f8c29ff95ed94e7ee7dde87e807f5da5371
  MBProgressHUD: 4890f671c94e8a0f3cf959aa731e9de2f036d71a
  MJRefresh: b96cdb21c4aa75a7b07654311ab2f315c497e806
  MOBFoundation: be1a5556482800c5c3515f8fbd32770a6622bd42
  SDWebImage: 35f9627a3e44b4f292a8a8ce6a531fa488239b91
  ShareSDK3: e7bcdfeb95338f89efd6fff82b4793d2bfee76f8
  SwiftyJSON: 04ccea08915aa0109039157c7974cf0298da292a

PODFILE CHECKSUM: ee736bcd762c4753cd83f891e2520519d7ae43a8

COCOAPODS: 1.0.1
