// !$*UTF8*$!
{
	archiveVersion = 1;
	classes = {
	};
	objectVersion = 46;
	objects = {

/* Begin PBXBuildFile section */
		0C20C6BC9148867A2BB557C1 /* Pods_LoveDog.framework in Frameworks */ = {isa = PBXBuildFile; fileRef = 2F867E9D4A2D784DEEA583BD /* Pods_LoveDog.framework */; };
		2E4689BE1D7C054F00529E44 /* AppDelegate.swift in Sources */ = {isa = PBXBuildFile; fileRef = 2E4689BD1D7C054F00529E44 /* AppDelegate.swift */; };
		2E4689C01D7C054F00529E44 /* ViewController.swift in Sources */ = {isa = PBXBuildFile; fileRef = 2E4689BF1D7C054F00529E44 /* ViewController.swift */; };
		2E4689C31D7C054F00529E44 /* Main.storyboard in Resources */ = {isa = PBXBuildFile; fileRef = 2E4689C11D7C054F00529E44 /* Main.storyboard */; };
		2E4689C51D7C054F00529E44 /* Assets.xcassets in Resources */ = {isa = PBXBuildFile; fileRef = 2E4689C41D7C054F00529E44 /* Assets.xcassets */; };
		2E4689C81D7C054F00529E44 /* LaunchScreen.storyboard in Resources */ = {isa = PBXBuildFile; fileRef = 2E4689C61D7C054F00529E44 /* LaunchScreen.storyboard */; };
		2E4689DC1D7C05D900529E44 /* CycleImageCell.m in Sources */ = {isa = PBXBuildFile; fileRef = 2E4689D21D7C05D900529E44 /* CycleImageCell.m */; };
		2E4689DD1D7C05D900529E44 /* XTADScrollView.m in Sources */ = {isa = PBXBuildFile; fileRef = 2E4689D41D7C05D900529E44 /* XTADScrollView.m */; };
		2E4689DE1D7C05D900529E44 /* BaseRequest.swift in Sources */ = {isa = PBXBuildFile; fileRef = 2E4689D51D7C05D900529E44 /* BaseRequest.swift */; };
		2E4689DF1D7C05D900529E44 /* HDManager.m in Sources */ = {isa = PBXBuildFile; fileRef = 2E4689D91D7C05D900529E44 /* HDManager.m */; };
		2E4689E01D7C05D900529E44 /* MD5Tool.swift in Sources */ = {isa = PBXBuildFile; fileRef = 2E4689DA1D7C05D900529E44 /* MD5Tool.swift */; };
		2E4689E11D7C05D900529E44 /* Tools.swift in Sources */ = {isa = PBXBuildFile; fileRef = 2E4689DB1D7C05D900529E44 /* Tools.swift */; };
		2E468A8B1D7C05F500529E44 /* MyselfViewController.swift in Sources */ = {isa = PBXBuildFile; fileRef = 2E4689E31D7C05F500529E44 /* MyselfViewController.swift */; };
		2E468A8D1D7C05F500529E44 /* DoctorModel.swift in Sources */ = {isa = PBXBuildFile; fileRef = 2E4689E61D7C05F500529E44 /* DoctorModel.swift */; };
		2E468A8E1D7C05F500529E44 /* DoctorNetworkManager.swift in Sources */ = {isa = PBXBuildFile; fileRef = 2E4689E71D7C05F500529E44 /* DoctorNetworkManager.swift */; };
		2E468A8F1D7C05F500529E44 /* DoctorViewCell.swift in Sources */ = {isa = PBXBuildFile; fileRef = 2E4689E81D7C05F500529E44 /* DoctorViewCell.swift */; };
		2E468A901D7C05F500529E44 /* DogHealthViewController.swift in Sources */ = {isa = PBXBuildFile; fileRef = 2E4689E91D7C05F500529E44 /* DogHealthViewController.swift */; };
		2E468A911D7C05F500529E44 /* HealthDetailViewController.swift in Sources */ = {isa = PBXBuildFile; fileRef = 2E4689EA1D7C05F500529E44 /* HealthDetailViewController.swift */; };
		2E468A921D7C05F500529E44 /* HospitalModel.swift in Sources */ = {isa = PBXBuildFile; fileRef = 2E4689EB1D7C05F500529E44 /* HospitalModel.swift */; };
		2E468A931D7C05F500529E44 /* HospitalNetworkManager.swift in Sources */ = {isa = PBXBuildFile; fileRef = 2E4689EC1D7C05F500529E44 /* HospitalNetworkManager.swift */; };
		2E468A941D7C05F500529E44 /* HospViewCell.swift in Sources */ = {isa = PBXBuildFile; fileRef = 2E4689ED1D7C05F500529E44 /* HospViewCell.swift */; };
		2E468A951D7C05F500529E44 /* QFRefeshHeader.swift in Sources */ = {isa = PBXBuildFile; fileRef = 2E4689EE1D7C05F500529E44 /* QFRefeshHeader.swift */; };
		2E468A961D7C05F500529E44 /* LocationCell.swift in Sources */ = {isa = PBXBuildFile; fileRef = 2E4689F01D7C05F500529E44 /* LocationCell.swift */; };
		2E468A971D7C05F500529E44 /* RegionViewController.swift in Sources */ = {isa = PBXBuildFile; fileRef = 2E4689F11D7C05F500529E44 /* RegionViewController.swift */; };
		2E468A981D7C05F500529E44 /* DogDetailViewController.swift in Sources */ = {isa = PBXBuildFile; fileRef = 2E4689F31D7C05F500529E44 /* DogDetailViewController.swift */; };
		2E468A991D7C05F500529E44 /* DogKindViewController.swift in Sources */ = {isa = PBXBuildFile; fileRef = 2E4689F41D7C05F500529E44 /* DogKindViewController.swift */; };
		2E468A9A1D7C05F500529E44 /* DogModel.swift in Sources */ = {isa = PBXBuildFile; fileRef = 2E4689F51D7C05F500529E44 /* DogModel.swift */; };
		2E468A9B1D7C05F500529E44 /* KindSearchViewController.swift in Sources */ = {isa = PBXBuildFile; fileRef = 2E4689F61D7C05F500529E44 /* KindSearchViewController.swift */; };
		2E468A9C1D7C05F500529E44 /* SearchDogCell.swift in Sources */ = {isa = PBXBuildFile; fileRef = 2E4689F71D7C05F500529E44 /* SearchDogCell.swift */; };
		2E468A9D1D7C05F500529E44 /* SearchDogCell.xib in Resources */ = {isa = PBXBuildFile; fileRef = 2E4689F81D7C05F500529E44 /* SearchDogCell.xib */; };
		2E468A9E1D7C05F500529E44 /* DocCollectionViewCell.swift in Sources */ = {isa = PBXBuildFile; fileRef = 2E4689FA1D7C05F500529E44 /* DocCollectionViewCell.swift */; };
		2E468A9F1D7C05F500529E44 /* DocViewCell.swift in Sources */ = {isa = PBXBuildFile; fileRef = 2E4689FB1D7C05F500529E44 /* DocViewCell.swift */; };
		2E468AA01D7C05F500529E44 /* MainViewController.swift in Sources */ = {isa = PBXBuildFile; fileRef = 2E4689FC1D7C05F500529E44 /* MainViewController.swift */; };
		2E468AA11D7C05F500529E44 /* OtherPetsViewController.swift in Sources */ = {isa = PBXBuildFile; fileRef = 2E4689FE1D7C05F500529E44 /* OtherPetsViewController.swift */; };
		2E468AA21D7C05F500529E44 /* CureDetailViewController.swift in Sources */ = {isa = PBXBuildFile; fileRef = 2E468A001D7C05F500529E44 /* CureDetailViewController.swift */; };
		2E468AA31D7C05F500529E44 /* CuringCell.swift in Sources */ = {isa = PBXBuildFile; fileRef = 2E468A011D7C05F500529E44 /* CuringCell.swift */; };
		2E468AA41D7C05F500529E44 /* CuringModel.swift in Sources */ = {isa = PBXBuildFile; fileRef = 2E468A021D7C05F500529E44 /* CuringModel.swift */; };
		2E468AA51D7C05F500529E44 /* CuringViewController.swift in Sources */ = {isa = PBXBuildFile; fileRef = 2E468A031D7C05F500529E44 /* CuringViewController.swift */; };
		2E468AA61D7C05F500529E44 /* MainDetailCell.swift in Sources */ = {isa = PBXBuildFile; fileRef = 2E468A051D7C05F500529E44 /* MainDetailCell.swift */; };
		2E468AA71D7C05F500529E44 /* MainDetailViewController.swift in Sources */ = {isa = PBXBuildFile; fileRef = 2E468A061D7C05F500529E44 /* MainDetailViewController.swift */; };
		2E468AA81D7C05F500529E44 /* MainModel.swift in Sources */ = {isa = PBXBuildFile; fileRef = 2E468A071D7C05F500529E44 /* MainModel.swift */; };
		2E468AA91D7C05F500529E44 /* MainNetManager.swift in Sources */ = {isa = PBXBuildFile; fileRef = 2E468A081D7C05F500529E44 /* MainNetManager.swift */; };
		2E468AAA1D7C05F500529E44 /* MainWebviewViewController.swift in Sources */ = {isa = PBXBuildFile; fileRef = 2E468A091D7C05F500529E44 /* MainWebviewViewController.swift */; };
		2E468AAB1D7C05F500529E44 /* DogTabBarController.swift in Sources */ = {isa = PBXBuildFile; fileRef = 2E468A0A1D7C05F500529E44 /* DogTabBarController.swift */; };
		2E468AAC1D7C05F500529E44 /* dog.txt in Resources */ = {isa = PBXBuildFile; fileRef = 2E468A0C1D7C05F500529E44 /* dog.txt */; };
		2E468AAD1D7C05F500529E44 /* 101.png in Resources */ = {isa = PBXBuildFile; fileRef = 2E468A0E1D7C05F500529E44 /* 101.png */; };
		2E468AAE1D7C05F500529E44 /* 102.png in Resources */ = {isa = PBXBuildFile; fileRef = 2E468A0F1D7C05F500529E44 /* 102.png */; };
		2E468AAF1D7C05F500529E44 /* 103.png in Resources */ = {isa = PBXBuildFile; fileRef = 2E468A101D7C05F500529E44 /* 103.png */; };
		2E468AB01D7C05F500529E44 /* 104.png in Resources */ = {isa = PBXBuildFile; fileRef = 2E468A111D7C05F500529E44 /* 104.png */; };
		2E468AB11D7C05F500529E44 /* 105.png in Resources */ = {isa = PBXBuildFile; fileRef = 2E468A121D7C05F500529E44 /* 105.png */; };
		2E468AB21D7C05F500529E44 /* 106.png in Resources */ = {isa = PBXBuildFile; fileRef = 2E468A131D7C05F500529E44 /* 106.png */; };
		2E468AB31D7C05F500529E44 /* 107.png in Resources */ = {isa = PBXBuildFile; fileRef = 2E468A141D7C05F500529E44 /* 107.png */; };
		2E468AB41D7C05F500529E44 /* 108.png in Resources */ = {isa = PBXBuildFile; fileRef = 2E468A151D7C05F500529E44 /* 108.png */; };
		2E468AB51D7C05F500529E44 /* 109.png in Resources */ = {isa = PBXBuildFile; fileRef = 2E468A161D7C05F500529E44 /* 109.png */; };
		2E468AB61D7C05F500529E44 /* 110.png in Resources */ = {isa = PBXBuildFile; fileRef = 2E468A171D7C05F500529E44 /* 110.png */; };
		2E468AB71D7C05F500529E44 /* 111.png in Resources */ = {isa = PBXBuildFile; fileRef = 2E468A181D7C05F500529E44 /* 111.png */; };
		2E468AB81D7C05F500529E44 /* 112.png in Resources */ = {isa = PBXBuildFile; fileRef = 2E468A191D7C05F500529E44 /* 112.png */; };
		2E468AB91D7C05F500529E44 /* 113.png in Resources */ = {isa = PBXBuildFile; fileRef = 2E468A1A1D7C05F500529E44 /* 113.png */; };
		2E468ABA1D7C05F500529E44 /* 114.png in Resources */ = {isa = PBXBuildFile; fileRef = 2E468A1B1D7C05F500529E44 /* 114.png */; };
		2E468ABB1D7C05F500529E44 /* 115.png in Resources */ = {isa = PBXBuildFile; fileRef = 2E468A1C1D7C05F500529E44 /* 115.png */; };
		2E468ABC1D7C05F500529E44 /* 116.png in Resources */ = {isa = PBXBuildFile; fileRef = 2E468A1D1D7C05F500529E44 /* 116.png */; };
		2E468ABD1D7C05F500529E44 /* 117.png in Resources */ = {isa = PBXBuildFile; fileRef = 2E468A1E1D7C05F500529E44 /* 117.png */; };
		2E468ABE1D7C05F500529E44 /* 118.png in Resources */ = {isa = PBXBuildFile; fileRef = 2E468A1F1D7C05F500529E44 /* 118.png */; };
		2E468ABF1D7C05F500529E44 /* 119.png in Resources */ = {isa = PBXBuildFile; fileRef = 2E468A201D7C05F500529E44 /* 119.png */; };
		2E468AC01D7C05F500529E44 /* 120.png in Resources */ = {isa = PBXBuildFile; fileRef = 2E468A211D7C05F500529E44 /* 120.png */; };
		2E468AC11D7C05F500529E44 /* 121.png in Resources */ = {isa = PBXBuildFile; fileRef = 2E468A221D7C05F500529E44 /* 121.png */; };
		2E468AC21D7C05F500529E44 /* 122.png in Resources */ = {isa = PBXBuildFile; fileRef = 2E468A231D7C05F500529E44 /* 122.png */; };
		2E468AC31D7C05F500529E44 /* 123.png in Resources */ = {isa = PBXBuildFile; fileRef = 2E468A241D7C05F500529E44 /* 123.png */; };
		2E468AC41D7C05F500529E44 /* 124.png in Resources */ = {isa = PBXBuildFile; fileRef = 2E468A251D7C05F500529E44 /* 124.png */; };
		2E468AC51D7C05F500529E44 /* 125.png in Resources */ = {isa = PBXBuildFile; fileRef = 2E468A261D7C05F500529E44 /* 125.png */; };
		2E468AC61D7C05F500529E44 /* 126.png in Resources */ = {isa = PBXBuildFile; fileRef = 2E468A271D7C05F500529E44 /* 126.png */; };
		2E468AC71D7C05F500529E44 /* 127.png in Resources */ = {isa = PBXBuildFile; fileRef = 2E468A281D7C05F500529E44 /* 127.png */; };
		2E468AC81D7C05F500529E44 /* 128.png in Resources */ = {isa = PBXBuildFile; fileRef = 2E468A291D7C05F500529E44 /* 128.png */; };
		2E468AC91D7C05F500529E44 /* 129.png in Resources */ = {isa = PBXBuildFile; fileRef = 2E468A2A1D7C05F500529E44 /* 129.png */; };
		2E468ACA1D7C05F500529E44 /* 130.png in Resources */ = {isa = PBXBuildFile; fileRef = 2E468A2B1D7C05F500529E44 /* 130.png */; };
		2E468ACB1D7C05F500529E44 /* 131.png in Resources */ = {isa = PBXBuildFile; fileRef = 2E468A2C1D7C05F500529E44 /* 131.png */; };
		2E468ACC1D7C05F500529E44 /* 132.png in Resources */ = {isa = PBXBuildFile; fileRef = 2E468A2D1D7C05F500529E44 /* 132.png */; };
		2E468ACD1D7C05F500529E44 /* 133.png in Resources */ = {isa = PBXBuildFile; fileRef = 2E468A2E1D7C05F500529E44 /* 133.png */; };
		2E468ACE1D7C05F500529E44 /* 134.png in Resources */ = {isa = PBXBuildFile; fileRef = 2E468A2F1D7C05F500529E44 /* 134.png */; };
		2E468ACF1D7C05F500529E44 /* 135.png in Resources */ = {isa = PBXBuildFile; fileRef = 2E468A301D7C05F500529E44 /* 135.png */; };
		2E468AD01D7C05F500529E44 /* 136.png in Resources */ = {isa = PBXBuildFile; fileRef = 2E468A311D7C05F500529E44 /* 136.png */; };
		2E468AD11D7C05F500529E44 /* 137.png in Resources */ = {isa = PBXBuildFile; fileRef = 2E468A321D7C05F500529E44 /* 137.png */; };
		2E468AD21D7C05F500529E44 /* 138.png in Resources */ = {isa = PBXBuildFile; fileRef = 2E468A331D7C05F500529E44 /* 138.png */; };
		2E468AD31D7C05F500529E44 /* 139.png in Resources */ = {isa = PBXBuildFile; fileRef = 2E468A341D7C05F500529E44 /* 139.png */; };
		2E468AD41D7C05F500529E44 /* 140.png in Resources */ = {isa = PBXBuildFile; fileRef = 2E468A351D7C05F500529E44 /* 140.png */; };
		2E468AD51D7C05F500529E44 /* 141.png in Resources */ = {isa = PBXBuildFile; fileRef = 2E468A361D7C05F500529E44 /* 141.png */; };
		2E468AD61D7C05F500529E44 /* 142.png in Resources */ = {isa = PBXBuildFile; fileRef = 2E468A371D7C05F500529E44 /* 142.png */; };
		2E468AD71D7C05F500529E44 /* 143.png in Resources */ = {isa = PBXBuildFile; fileRef = 2E468A381D7C05F500529E44 /* 143.png */; };
		2E468AD81D7C05F500529E44 /* 144.png in Resources */ = {isa = PBXBuildFile; fileRef = 2E468A391D7C05F500529E44 /* 144.png */; };
		2E468AD91D7C05F500529E44 /* 145.png in Resources */ = {isa = PBXBuildFile; fileRef = 2E468A3A1D7C05F500529E44 /* 145.png */; };
		2E468ADA1D7C05F500529E44 /* 146.png in Resources */ = {isa = PBXBuildFile; fileRef = 2E468A3B1D7C05F500529E44 /* 146.png */; };
		2E468ADB1D7C05F500529E44 /* 147.png in Resources */ = {isa = PBXBuildFile; fileRef = 2E468A3C1D7C05F500529E44 /* 147.png */; };
		2E468ADC1D7C05F500529E44 /* 148.png in Resources */ = {isa = PBXBuildFile; fileRef = 2E468A3D1D7C05F500529E44 /* 148.png */; };
		2E468ADD1D7C05F500529E44 /* 149.png in Resources */ = {isa = PBXBuildFile; fileRef = 2E468A3E1D7C05F500529E44 /* 149.png */; };
		2E468ADE1D7C05F500529E44 /* 150.png in Resources */ = {isa = PBXBuildFile; fileRef = 2E468A3F1D7C05F500529E44 /* 150.png */; };
		2E468ADF1D7C05F500529E44 /* 151.png in Resources */ = {isa = PBXBuildFile; fileRef = 2E468A401D7C05F500529E44 /* 151.png */; };
		2E468AE01D7C05F500529E44 /* 152.png in Resources */ = {isa = PBXBuildFile; fileRef = 2E468A411D7C05F500529E44 /* 152.png */; };
		2E468AE11D7C05F500529E44 /* 153.png in Resources */ = {isa = PBXBuildFile; fileRef = 2E468A421D7C05F500529E44 /* 153.png */; };
		2E468AE21D7C05F500529E44 /* 154.png in Resources */ = {isa = PBXBuildFile; fileRef = 2E468A431D7C05F500529E44 /* 154.png */; };
		2E468AE31D7C05F500529E44 /* 155.png in Resources */ = {isa = PBXBuildFile; fileRef = 2E468A441D7C05F500529E44 /* 155.png */; };
		2E468AE41D7C05F500529E44 /* 156.png in Resources */ = {isa = PBXBuildFile; fileRef = 2E468A451D7C05F500529E44 /* 156.png */; };
		2E468AE51D7C05F500529E44 /* 157.png in Resources */ = {isa = PBXBuildFile; fileRef = 2E468A461D7C05F500529E44 /* 157.png */; };
		2E468AE61D7C05F500529E44 /* 158.png in Resources */ = {isa = PBXBuildFile; fileRef = 2E468A471D7C05F500529E44 /* 158.png */; };
		2E468AE71D7C05F500529E44 /* 159.png in Resources */ = {isa = PBXBuildFile; fileRef = 2E468A481D7C05F500529E44 /* 159.png */; };
		2E468AE81D7C05F500529E44 /* 160.png in Resources */ = {isa = PBXBuildFile; fileRef = 2E468A491D7C05F500529E44 /* 160.png */; };
		2E468AE91D7C05F500529E44 /* 161.png in Resources */ = {isa = PBXBuildFile; fileRef = 2E468A4A1D7C05F500529E44 /* 161.png */; };
		2E468AEA1D7C05F500529E44 /* 162.png in Resources */ = {isa = PBXBuildFile; fileRef = 2E468A4B1D7C05F500529E44 /* 162.png */; };
		2E468AEB1D7C05F500529E44 /* 163.png in Resources */ = {isa = PBXBuildFile; fileRef = 2E468A4C1D7C05F500529E44 /* 163.png */; };
		2E468AEC1D7C05F500529E44 /* 164.png in Resources */ = {isa = PBXBuildFile; fileRef = 2E468A4D1D7C05F500529E44 /* 164.png */; };
		2E468AED1D7C05F500529E44 /* 165.png in Resources */ = {isa = PBXBuildFile; fileRef = 2E468A4E1D7C05F500529E44 /* 165.png */; };
		2E468AEE1D7C05F500529E44 /* 166.png in Resources */ = {isa = PBXBuildFile; fileRef = 2E468A4F1D7C05F500529E44 /* 166.png */; };
		2E468AEF1D7C05F500529E44 /* 167.png in Resources */ = {isa = PBXBuildFile; fileRef = 2E468A501D7C05F500529E44 /* 167.png */; };
		2E468AF01D7C05F500529E44 /* 168.png in Resources */ = {isa = PBXBuildFile; fileRef = 2E468A511D7C05F500529E44 /* 168.png */; };
		2E468AF11D7C05F500529E44 /* 169.png in Resources */ = {isa = PBXBuildFile; fileRef = 2E468A521D7C05F500529E44 /* 169.png */; };
		2E468AF21D7C05F500529E44 /* 170.png in Resources */ = {isa = PBXBuildFile; fileRef = 2E468A531D7C05F500529E44 /* 170.png */; };
		2E468AF31D7C05F500529E44 /* 171.png in Resources */ = {isa = PBXBuildFile; fileRef = 2E468A541D7C05F500529E44 /* 171.png */; };
		2E468AF41D7C05F500529E44 /* 172.png in Resources */ = {isa = PBXBuildFile; fileRef = 2E468A551D7C05F500529E44 /* 172.png */; };
		2E468AF51D7C05F500529E44 /* 173.png in Resources */ = {isa = PBXBuildFile; fileRef = 2E468A561D7C05F500529E44 /* 173.png */; };
		2E468AF61D7C05F500529E44 /* 174.png in Resources */ = {isa = PBXBuildFile; fileRef = 2E468A571D7C05F500529E44 /* 174.png */; };
		2E468AF71D7C05F500529E44 /* 175.png in Resources */ = {isa = PBXBuildFile; fileRef = 2E468A581D7C05F500529E44 /* 175.png */; };
		2E468AF81D7C05F500529E44 /* 176.png in Resources */ = {isa = PBXBuildFile; fileRef = 2E468A591D7C05F500529E44 /* 176.png */; };
		2E468AF91D7C05F500529E44 /* 177.png in Resources */ = {isa = PBXBuildFile; fileRef = 2E468A5A1D7C05F500529E44 /* 177.png */; };
		2E468AFA1D7C05F500529E44 /* 178.png in Resources */ = {isa = PBXBuildFile; fileRef = 2E468A5B1D7C05F500529E44 /* 178.png */; };
		2E468AFB1D7C05F500529E44 /* 179.png in Resources */ = {isa = PBXBuildFile; fileRef = 2E468A5C1D7C05F500529E44 /* 179.png */; };
		2E468AFC1D7C05F500529E44 /* 180.png in Resources */ = {isa = PBXBuildFile; fileRef = 2E468A5D1D7C05F500529E44 /* 180.png */; };
		2E468AFD1D7C05F500529E44 /* 181.png in Resources */ = {isa = PBXBuildFile; fileRef = 2E468A5E1D7C05F500529E44 /* 181.png */; };
		2E468AFE1D7C05F500529E44 /* 182.png in Resources */ = {isa = PBXBuildFile; fileRef = 2E468A5F1D7C05F500529E44 /* 182.png */; };
		2E468AFF1D7C05F500529E44 /* 183.png in Resources */ = {isa = PBXBuildFile; fileRef = 2E468A601D7C05F500529E44 /* 183.png */; };
		2E468B001D7C05F500529E44 /* 184.png in Resources */ = {isa = PBXBuildFile; fileRef = 2E468A611D7C05F500529E44 /* 184.png */; };
		2E468B011D7C05F500529E44 /* 185.png in Resources */ = {isa = PBXBuildFile; fileRef = 2E468A621D7C05F500529E44 /* 185.png */; };
		2E468B021D7C05F500529E44 /* 186.png in Resources */ = {isa = PBXBuildFile; fileRef = 2E468A631D7C05F500529E44 /* 186.png */; };
		2E468B031D7C05F500529E44 /* 187.png in Resources */ = {isa = PBXBuildFile; fileRef = 2E468A641D7C05F500529E44 /* 187.png */; };
		2E468B041D7C05F500529E44 /* 188.png in Resources */ = {isa = PBXBuildFile; fileRef = 2E468A651D7C05F500529E44 /* 188.png */; };
		2E468B051D7C05F500529E44 /* 189.png in Resources */ = {isa = PBXBuildFile; fileRef = 2E468A661D7C05F500529E44 /* 189.png */; };
		2E468B061D7C05F500529E44 /* 190.png in Resources */ = {isa = PBXBuildFile; fileRef = 2E468A671D7C05F500529E44 /* 190.png */; };
		2E468B071D7C05F500529E44 /* 191.png in Resources */ = {isa = PBXBuildFile; fileRef = 2E468A681D7C05F500529E44 /* 191.png */; };
		2E468B081D7C05F500529E44 /* 192.png in Resources */ = {isa = PBXBuildFile; fileRef = 2E468A691D7C05F500529E44 /* 192.png */; };
		2E468B091D7C05F500529E44 /* 193.png in Resources */ = {isa = PBXBuildFile; fileRef = 2E468A6A1D7C05F500529E44 /* 193.png */; };
		2E468B0A1D7C05F500529E44 /* 194.png in Resources */ = {isa = PBXBuildFile; fileRef = 2E468A6B1D7C05F500529E44 /* 194.png */; };
		2E468B0B1D7C05F500529E44 /* 195.png in Resources */ = {isa = PBXBuildFile; fileRef = 2E468A6C1D7C05F500529E44 /* 195.png */; };
		2E468B0C1D7C05F500529E44 /* 196.png in Resources */ = {isa = PBXBuildFile; fileRef = 2E468A6D1D7C05F500529E44 /* 196.png */; };
		2E468B0D1D7C05F500529E44 /* 197.png in Resources */ = {isa = PBXBuildFile; fileRef = 2E468A6E1D7C05F500529E44 /* 197.png */; };
		2E468B0E1D7C05F500529E44 /* 198.png in Resources */ = {isa = PBXBuildFile; fileRef = 2E468A6F1D7C05F500529E44 /* 198.png */; };
		2E468B0F1D7C05F500529E44 /* 199.png in Resources */ = {isa = PBXBuildFile; fileRef = 2E468A701D7C05F500529E44 /* 199.png */; };
		2E468B101D7C05F500529E44 /* 200.png in Resources */ = {isa = PBXBuildFile; fileRef = 2E468A711D7C05F500529E44 /* 200.png */; };
		2E468B111D7C05F500529E44 /* 201.png in Resources */ = {isa = PBXBuildFile; fileRef = 2E468A721D7C05F500529E44 /* 201.png */; };
		2E468B121D7C05F500529E44 /* gooddoctor.json in Resources */ = {isa = PBXBuildFile; fileRef = 2E468A731D7C05F500529E44 /* gooddoctor.json */; };
		2E468B131D7C05F500529E44 /* graylogo.png in Resources */ = {isa = PBXBuildFile; fileRef = 2E468A741D7C05F500529E44 /* graylogo.png */; };
		2E468B141D7C05F500529E44 /* hospital.json in Resources */ = {isa = PBXBuildFile; fileRef = 2E468A751D7C05F500529E44 /* hospital.json */; };
		2E468B161D7C05F500529E44 /* 584-location@2x.png in Resources */ = {isa = PBXBuildFile; fileRef = 2E468A781D7C05F500529E44 /* 584-location@2x.png */; };
		2E468B171D7C05F500529E44 /* 584-location@3x.png in Resources */ = {isa = PBXBuildFile; fileRef = 2E468A791D7C05F500529E44 /* 584-location@3x.png */; };
		2E468B181D7C05F500529E44 /* 766-arrow-right-selected@2x.png in Resources */ = {isa = PBXBuildFile; fileRef = 2E468A7A1D7C05F500529E44 /* 766-arrow-right-selected@2x.png */; };
		2E468B191D7C05F500529E44 /* 766-arrow-right-selected@3x.png in Resources */ = {isa = PBXBuildFile; fileRef = 2E468A7B1D7C05F500529E44 /* 766-arrow-right-selected@3x.png */; };
		2E468B1A1D7C05F500529E44 /* 766-arrow-right@2x.png in Resources */ = {isa = PBXBuildFile; fileRef = 2E468A7C1D7C05F500529E44 /* 766-arrow-right@2x.png */; };
		2E468B1B1D7C05F500529E44 /* 766-arrow-right@3x.png in Resources */ = {isa = PBXBuildFile; fileRef = 2E468A7D1D7C05F500529E44 /* 766-arrow-right@3x.png */; };
		2E468B1C1D7C05F500529E44 /* 分享@2x.png in Resources */ = {isa = PBXBuildFile; fileRef = 2E468A7E1D7C05F500529E44 /* 分享@2x.png */; };
		2E468B1D1D7C05F500529E44 /* 分享@3x.png in Resources */ = {isa = PBXBuildFile; fileRef = 2E468A7F1D7C05F500529E44 /* 分享@3x.png */; };
		2E468B1E1D7C05F500529E44 /* 分类@2x.png in Resources */ = {isa = PBXBuildFile; fileRef = 2E468A801D7C05F500529E44 /* 分类@2x.png */; };
		2E468B1F1D7C05F500529E44 /* 分类@3x.png in Resources */ = {isa = PBXBuildFile; fileRef = 2E468A811D7C05F500529E44 /* 分类@3x.png */; };
		2E468B201D7C05F500529E44 /* 我@2x.png in Resources */ = {isa = PBXBuildFile; fileRef = 2E468A821D7C05F500529E44 /* 我@2x.png */; };
		2E468B211D7C05F500529E44 /* 我@3x.png in Resources */ = {isa = PBXBuildFile; fileRef = 2E468A831D7C05F500529E44 /* 我@3x.png */; };
		2E468B221D7C05F500529E44 /* 社区@2x.png in Resources */ = {isa = PBXBuildFile; fileRef = 2E468A841D7C05F500529E44 /* 社区@2x.png */; };
		2E468B231D7C05F500529E44 /* 社区@3x.png in Resources */ = {isa = PBXBuildFile; fileRef = 2E468A851D7C05F500529E44 /* 社区@3x.png */; };
		2E468B241D7C05F500529E44 /* 药箱@2x.png in Resources */ = {isa = PBXBuildFile; fileRef = 2E468A861D7C05F500529E44 /* 药箱@2x.png */; };
		2E468B251D7C05F500529E44 /* 药箱@3x.png in Resources */ = {isa = PBXBuildFile; fileRef = 2E468A871D7C05F500529E44 /* 药箱@3x.png */; };
		2E468B261D7C05F500529E44 /* 药箱_03.png in Resources */ = {isa = PBXBuildFile; fileRef = 2E468A881D7C05F500529E44 /* 药箱_03.png */; };
		2E468B271D7C05F500529E44 /* 资讯@2x.png in Resources */ = {isa = PBXBuildFile; fileRef = 2E468A891D7C05F500529E44 /* 资讯@2x.png */; };
		2E468B281D7C05F500529E44 /* 资讯@3x.png in Resources */ = {isa = PBXBuildFile; fileRef = 2E468A8A1D7C05F500529E44 /* 资讯@3x.png */; };
		2EF4EC0A1D7C6CEB003CD779 /* 726-star@2x.png in Resources */ = {isa = PBXBuildFile; fileRef = 2EF4EC081D7C6CEB003CD779 /* 726-star@2x.png */; };
		2EF4EC0B1D7C6CEB003CD779 /* 726-star@3x.png in Resources */ = {isa = PBXBuildFile; fileRef = 2EF4EC091D7C6CEB003CD779 /* 726-star@3x.png */; };
		2EF4EC0D1D7C7022003CD779 /* tab_c1.png in Resources */ = {isa = PBXBuildFile; fileRef = 2EF4EC0C1D7C7022003CD779 /* tab_c1.png */; };
		2EF4EC101D7C7711003CD779 /* ThankViewController.swift in Sources */ = {isa = PBXBuildFile; fileRef = 2EF4EC0E1D7C7711003CD779 /* ThankViewController.swift */; };
		2EF4EC111D7C7711003CD779 /* ThankViewController.xib in Resources */ = {isa = PBXBuildFile; fileRef = 2EF4EC0F1D7C7711003CD779 /* ThankViewController.xib */; };
		2EF4EC181D7D83B7003CD779 /* FMDBDataManager.swift in Sources */ = {isa = PBXBuildFile; fileRef = 2EF4EC171D7D83B7003CD779 /* FMDBDataManager.swift */; };
		2EF4EC1A1D7D994C003CD779 /* LikeDogViewController.swift in Sources */ = {isa = PBXBuildFile; fileRef = 2EF4EC191D7D994C003CD779 /* LikeDogViewController.swift */; };
		2EF4EC1C1D7DA72B003CD779 /* LikeDogCell.swift in Sources */ = {isa = PBXBuildFile; fileRef = 2EF4EC1B1D7DA72B003CD779 /* LikeDogCell.swift */; };
		2EF4EC231D7DB298003CD779 /* 748-heart-toolbar-selected.png in Resources */ = {isa = PBXBuildFile; fileRef = 2EF4EC1D1D7DB298003CD779 /* 748-heart-toolbar-selected.png */; };
		2EF4EC241D7DB298003CD779 /* 748-heart-toolbar-selected@2x.png in Resources */ = {isa = PBXBuildFile; fileRef = 2EF4EC1E1D7DB298003CD779 /* 748-heart-toolbar-selected@2x.png */; };
		2EF4EC251D7DB298003CD779 /* 748-heart-toolbar-selected@3x.png in Resources */ = {isa = PBXBuildFile; fileRef = 2EF4EC1F1D7DB298003CD779 /* 748-heart-toolbar-selected@3x.png */; };
		2EF4EC261D7DB298003CD779 /* 748-heart-toolbar.png in Resources */ = {isa = PBXBuildFile; fileRef = 2EF4EC201D7DB298003CD779 /* 748-heart-toolbar.png */; };
		2EF4EC271D7DB298003CD779 /* 748-heart-toolbar@2x.png in Resources */ = {isa = PBXBuildFile; fileRef = 2EF4EC211D7DB298003CD779 /* 748-heart-toolbar@2x.png */; };
		2EF4EC281D7DB298003CD779 /* 748-heart-toolbar@3x.png in Resources */ = {isa = PBXBuildFile; fileRef = 2EF4EC221D7DB298003CD779 /* 748-heart-toolbar@3x.png */; };
		2EF4EC2A1D7F0C74003CD779 /* NaviTitleView.swift in Sources */ = {isa = PBXBuildFile; fileRef = 2EF4EC291D7F0C74003CD779 /* NaviTitleView.swift */; };
		2EF4EC2C1D7F0FE8003CD779 /* OtherPetsCell.swift in Sources */ = {isa = PBXBuildFile; fileRef = 2EF4EC2B1D7F0FE8003CD779 /* OtherPetsCell.swift */; };
		2EF4EC301D7F1B82003CD779 /* OtherPetsCell1.swift in Sources */ = {isa = PBXBuildFile; fileRef = 2EF4EC2D1D7F1B82003CD779 /* OtherPetsCell1.swift */; };
		2EF4EC311D7F1B82003CD779 /* OtherPetsCell2.swift in Sources */ = {isa = PBXBuildFile; fileRef = 2EF4EC2E1D7F1B82003CD779 /* OtherPetsCell2.swift */; };
		2EF4EC321D7F1B82003CD779 /* OtherPetsCell3.swift in Sources */ = {isa = PBXBuildFile; fileRef = 2EF4EC2F1D7F1B82003CD779 /* OtherPetsCell3.swift */; };
		2EF4EC371D804651003CD779 /* FeedsViewController.swift in Sources */ = {isa = PBXBuildFile; fileRef = 2EF4EC361D804651003CD779 /* FeedsViewController.swift */; };
		2EF4EC391D8046EE003CD779 /* FeedsCell.swift in Sources */ = {isa = PBXBuildFile; fileRef = 2EF4EC381D8046EE003CD779 /* FeedsCell.swift */; };
		2EF4EC3B1D8047F6003CD779 /* FeedsModel.swift in Sources */ = {isa = PBXBuildFile; fileRef = 2EF4EC3A1D8047F6003CD779 /* FeedsModel.swift */; };
		2EF4EC611D82E96F003CD779 /* qdy.png in Resources */ = {isa = PBXBuildFile; fileRef = 2EF4EC601D82E96F003CD779 /* qdy.png */; };
		2EF4EC631D838EBA003CD779 /* PhotoViewController.swift in Sources */ = {isa = PBXBuildFile; fileRef = 2EF4EC621D838EBA003CD779 /* PhotoViewController.swift */; };
/* End PBXBuildFile section */

/* Begin PBXFileReference section */
		08B49F9B0B570A495650E4F2 /* Pods-LoveDog.release.xcconfig */ = {isa = PBXFileReference; includeInIndex = 1; lastKnownFileType = text.xcconfig; name = "Pods-LoveDog.release.xcconfig"; path = "Pods/Target Support Files/Pods-LoveDog/Pods-LoveDog.release.xcconfig"; sourceTree = "<group>"; };
		2E4689BA1D7C054F00529E44 /* LoveDog.app */ = {isa = PBXFileReference; explicitFileType = wrapper.application; includeInIndex = 0; path = LoveDog.app; sourceTree = BUILT_PRODUCTS_DIR; };
		2E4689BD1D7C054F00529E44 /* AppDelegate.swift */ = {isa = PBXFileReference; lastKnownFileType = sourcecode.swift; path = AppDelegate.swift; sourceTree = "<group>"; };
		2E4689BF1D7C054F00529E44 /* ViewController.swift */ = {isa = PBXFileReference; lastKnownFileType = sourcecode.swift; path = ViewController.swift; sourceTree = "<group>"; };
		2E4689C21D7C054F00529E44 /* Base */ = {isa = PBXFileReference; lastKnownFileType = file.storyboard; name = Base; path = Base.lproj/Main.storyboard; sourceTree = "<group>"; };
		2E4689C41D7C054F00529E44 /* Assets.xcassets */ = {isa = PBXFileReference; lastKnownFileType = folder.assetcatalog; path = Assets.xcassets; sourceTree = "<group>"; };
		2E4689C71D7C054F00529E44 /* Base */ = {isa = PBXFileReference; lastKnownFileType = file.storyboard; name = Base; path = Base.lproj/LaunchScreen.storyboard; sourceTree = "<group>"; };
		2E4689C91D7C054F00529E44 /* Info.plist */ = {isa = PBXFileReference; lastKnownFileType = text.plist.xml; path = Info.plist; sourceTree = "<group>"; };
		2E4689D11D7C05D900529E44 /* CycleImageCell.h */ = {isa = PBXFileReference; fileEncoding = 4; lastKnownFileType = sourcecode.c.h; path = CycleImageCell.h; sourceTree = "<group>"; };
		2E4689D21D7C05D900529E44 /* CycleImageCell.m */ = {isa = PBXFileReference; fileEncoding = 4; lastKnownFileType = sourcecode.c.objc; path = CycleImageCell.m; sourceTree = "<group>"; };
		2E4689D31D7C05D900529E44 /* XTADScrollView.h */ = {isa = PBXFileReference; fileEncoding = 4; lastKnownFileType = sourcecode.c.h; path = XTADScrollView.h; sourceTree = "<group>"; };
		2E4689D41D7C05D900529E44 /* XTADScrollView.m */ = {isa = PBXFileReference; fileEncoding = 4; lastKnownFileType = sourcecode.c.objc; path = XTADScrollView.m; sourceTree = "<group>"; };
		2E4689D51D7C05D900529E44 /* BaseRequest.swift */ = {isa = PBXFileReference; fileEncoding = 4; lastKnownFileType = sourcecode.swift; path = BaseRequest.swift; sourceTree = "<group>"; };
		2E4689D61D7C05D900529E44 /* BridgerHeader.h */ = {isa = PBXFileReference; fileEncoding = 4; lastKnownFileType = sourcecode.c.h; path = BridgerHeader.h; sourceTree = "<group>"; };
		2E4689D81D7C05D900529E44 /* HDManager.h */ = {isa = PBXFileReference; fileEncoding = 4; lastKnownFileType = sourcecode.c.h; path = HDManager.h; sourceTree = "<group>"; };
		2E4689D91D7C05D900529E44 /* HDManager.m */ = {isa = PBXFileReference; fileEncoding = 4; lastKnownFileType = sourcecode.c.objc; path = HDManager.m; sourceTree = "<group>"; };
		2E4689DA1D7C05D900529E44 /* MD5Tool.swift */ = {isa = PBXFileReference; fileEncoding = 4; lastKnownFileType = sourcecode.swift; path = MD5Tool.swift; sourceTree = "<group>"; };
		2E4689DB1D7C05D900529E44 /* Tools.swift */ = {isa = PBXFileReference; fileEncoding = 4; lastKnownFileType = sourcecode.swift; path = Tools.swift; sourceTree = "<group>"; };
		2E4689E31D7C05F500529E44 /* MyselfViewController.swift */ = {isa = PBXFileReference; fileEncoding = 4; lastKnownFileType = sourcecode.swift; path = MyselfViewController.swift; sourceTree = "<group>"; };
		2E4689E61D7C05F500529E44 /* DoctorModel.swift */ = {isa = PBXFileReference; fileEncoding = 4; lastKnownFileType = sourcecode.swift; path = DoctorModel.swift; sourceTree = "<group>"; };
		2E4689E71D7C05F500529E44 /* DoctorNetworkManager.swift */ = {isa = PBXFileReference; fileEncoding = 4; lastKnownFileType = sourcecode.swift; path = DoctorNetworkManager.swift; sourceTree = "<group>"; };
		2E4689E81D7C05F500529E44 /* DoctorViewCell.swift */ = {isa = PBXFileReference; fileEncoding = 4; lastKnownFileType = sourcecode.swift; path = DoctorViewCell.swift; sourceTree = "<group>"; };
		2E4689E91D7C05F500529E44 /* DogHealthViewController.swift */ = {isa = PBXFileReference; fileEncoding = 4; lastKnownFileType = sourcecode.swift; path = DogHealthViewController.swift; sourceTree = "<group>"; };
		2E4689EA1D7C05F500529E44 /* HealthDetailViewController.swift */ = {isa = PBXFileReference; fileEncoding = 4; lastKnownFileType = sourcecode.swift; path = HealthDetailViewController.swift; sourceTree = "<group>"; };
		2E4689EB1D7C05F500529E44 /* HospitalModel.swift */ = {isa = PBXFileReference; fileEncoding = 4; lastKnownFileType = sourcecode.swift; path = HospitalModel.swift; sourceTree = "<group>"; };
		2E4689EC1D7C05F500529E44 /* HospitalNetworkManager.swift */ = {isa = PBXFileReference; fileEncoding = 4; lastKnownFileType = sourcecode.swift; path = HospitalNetworkManager.swift; sourceTree = "<group>"; };
		2E4689ED1D7C05F500529E44 /* HospViewCell.swift */ = {isa = PBXFileReference; fileEncoding = 4; lastKnownFileType = sourcecode.swift; path = HospViewCell.swift; sourceTree = "<group>"; };
		2E4689EE1D7C05F500529E44 /* QFRefeshHeader.swift */ = {isa = PBXFileReference; fileEncoding = 4; lastKnownFileType = sourcecode.swift; path = QFRefeshHeader.swift; sourceTree = "<group>"; };
		2E4689F01D7C05F500529E44 /* LocationCell.swift */ = {isa = PBXFileReference; fileEncoding = 4; lastKnownFileType = sourcecode.swift; path = LocationCell.swift; sourceTree = "<group>"; };
		2E4689F11D7C05F500529E44 /* RegionViewController.swift */ = {isa = PBXFileReference; fileEncoding = 4; lastKnownFileType = sourcecode.swift; path = RegionViewController.swift; sourceTree = "<group>"; };
		2E4689F31D7C05F500529E44 /* DogDetailViewController.swift */ = {isa = PBXFileReference; fileEncoding = 4; lastKnownFileType = sourcecode.swift; path = DogDetailViewController.swift; sourceTree = "<group>"; };
		2E4689F41D7C05F500529E44 /* DogKindViewController.swift */ = {isa = PBXFileReference; fileEncoding = 4; lastKnownFileType = sourcecode.swift; path = DogKindViewController.swift; sourceTree = "<group>"; };
		2E4689F51D7C05F500529E44 /* DogModel.swift */ = {isa = PBXFileReference; fileEncoding = 4; lastKnownFileType = sourcecode.swift; path = DogModel.swift; sourceTree = "<group>"; };
		2E4689F61D7C05F500529E44 /* KindSearchViewController.swift */ = {isa = PBXFileReference; fileEncoding = 4; lastKnownFileType = sourcecode.swift; path = KindSearchViewController.swift; sourceTree = "<group>"; };
		2E4689F71D7C05F500529E44 /* SearchDogCell.swift */ = {isa = PBXFileReference; fileEncoding = 4; lastKnownFileType = sourcecode.swift; path = SearchDogCell.swift; sourceTree = "<group>"; };
		2E4689F81D7C05F500529E44 /* SearchDogCell.xib */ = {isa = PBXFileReference; fileEncoding = 4; lastKnownFileType = file.xib; path = SearchDogCell.xib; sourceTree = "<group>"; };
		2E4689FA1D7C05F500529E44 /* DocCollectionViewCell.swift */ = {isa = PBXFileReference; fileEncoding = 4; lastKnownFileType = sourcecode.swift; path = DocCollectionViewCell.swift; sourceTree = "<group>"; };
		2E4689FB1D7C05F500529E44 /* DocViewCell.swift */ = {isa = PBXFileReference; fileEncoding = 4; lastKnownFileType = sourcecode.swift; path = DocViewCell.swift; sourceTree = "<group>"; };
		2E4689FC1D7C05F500529E44 /* MainViewController.swift */ = {isa = PBXFileReference; fileEncoding = 4; lastKnownFileType = sourcecode.swift; path = MainViewController.swift; sourceTree = "<group>"; };
		2E4689FE1D7C05F500529E44 /* OtherPetsViewController.swift */ = {isa = PBXFileReference; fileEncoding = 4; lastKnownFileType = sourcecode.swift; path = OtherPetsViewController.swift; sourceTree = "<group>"; };
		2E468A001D7C05F500529E44 /* CureDetailViewController.swift */ = {isa = PBXFileReference; fileEncoding = 4; lastKnownFileType = sourcecode.swift; path = CureDetailViewController.swift; sourceTree = "<group>"; };
		2E468A011D7C05F500529E44 /* CuringCell.swift */ = {isa = PBXFileReference; fileEncoding = 4; lastKnownFileType = sourcecode.swift; path = CuringCell.swift; sourceTree = "<group>"; };
		2E468A021D7C05F500529E44 /* CuringModel.swift */ = {isa = PBXFileReference; fileEncoding = 4; lastKnownFileType = sourcecode.swift; path = CuringModel.swift; sourceTree = "<group>"; };
		2E468A031D7C05F500529E44 /* CuringViewController.swift */ = {isa = PBXFileReference; fileEncoding = 4; lastKnownFileType = sourcecode.swift; path = CuringViewController.swift; sourceTree = "<group>"; };
		2E468A051D7C05F500529E44 /* MainDetailCell.swift */ = {isa = PBXFileReference; fileEncoding = 4; lastKnownFileType = sourcecode.swift; path = MainDetailCell.swift; sourceTree = "<group>"; };
		2E468A061D7C05F500529E44 /* MainDetailViewController.swift */ = {isa = PBXFileReference; fileEncoding = 4; lastKnownFileType = sourcecode.swift; path = MainDetailViewController.swift; sourceTree = "<group>"; };
		2E468A071D7C05F500529E44 /* MainModel.swift */ = {isa = PBXFileReference; fileEncoding = 4; lastKnownFileType = sourcecode.swift; path = MainModel.swift; sourceTree = "<group>"; };
		2E468A081D7C05F500529E44 /* MainNetManager.swift */ = {isa = PBXFileReference; fileEncoding = 4; lastKnownFileType = sourcecode.swift; path = MainNetManager.swift; sourceTree = "<group>"; };
		2E468A091D7C05F500529E44 /* MainWebviewViewController.swift */ = {isa = PBXFileReference; fileEncoding = 4; lastKnownFileType = sourcecode.swift; path = MainWebviewViewController.swift; sourceTree = "<group>"; };
		2E468A0A1D7C05F500529E44 /* DogTabBarController.swift */ = {isa = PBXFileReference; fileEncoding = 4; lastKnownFileType = sourcecode.swift; path = DogTabBarController.swift; sourceTree = "<group>"; };
		2E468A0C1D7C05F500529E44 /* dog.txt */ = {isa = PBXFileReference; fileEncoding = 4; lastKnownFileType = text; path = dog.txt; sourceTree = "<group>"; };
		2E468A0E1D7C05F500529E44 /* 101.png */ = {isa = PBXFileReference; lastKnownFileType = image.png; path = 101.png; sourceTree = "<group>"; };
		2E468A0F1D7C05F500529E44 /* 102.png */ = {isa = PBXFileReference; lastKnownFileType = image.png; path = 102.png; sourceTree = "<group>"; };
		2E468A101D7C05F500529E44 /* 103.png */ = {isa = PBXFileReference; lastKnownFileType = image.png; path = 103.png; sourceTree = "<group>"; };
		2E468A111D7C05F500529E44 /* 104.png */ = {isa = PBXFileReference; lastKnownFileType = image.png; path = 104.png; sourceTree = "<group>"; };
		2E468A121D7C05F500529E44 /* 105.png */ = {isa = PBXFileReference; lastKnownFileType = image.png; path = 105.png; sourceTree = "<group>"; };
		2E468A131D7C05F500529E44 /* 106.png */ = {isa = PBXFileReference; lastKnownFileType = image.png; path = 106.png; sourceTree = "<group>"; };
		2E468A141D7C05F500529E44 /* 107.png */ = {isa = PBXFileReference; lastKnownFileType = image.png; path = 107.png; sourceTree = "<group>"; };
		2E468A151D7C05F500529E44 /* 108.png */ = {isa = PBXFileReference; lastKnownFileType = image.png; path = 108.png; sourceTree = "<group>"; };
		2E468A161D7C05F500529E44 /* 109.png */ = {isa = PBXFileReference; lastKnownFileType = image.png; path = 109.png; sourceTree = "<group>"; };
		2E468A171D7C05F500529E44 /* 110.png */ = {isa = PBXFileReference; lastKnownFileType = image.png; path = 110.png; sourceTree = "<group>"; };
		2E468A181D7C05F500529E44 /* 111.png */ = {isa = PBXFileReference; lastKnownFileType = image.png; path = 111.png; sourceTree = "<group>"; };
		2E468A191D7C05F500529E44 /* 112.png */ = {isa = PBXFileReference; lastKnownFileType = image.png; path = 112.png; sourceTree = "<group>"; };
		2E468A1A1D7C05F500529E44 /* 113.png */ = {isa = PBXFileReference; lastKnownFileType = image.png; path = 113.png; sourceTree = "<group>"; };
		2E468A1B1D7C05F500529E44 /* 114.png */ = {isa = PBXFileReference; lastKnownFileType = image.png; path = 114.png; sourceTree = "<group>"; };
		2E468A1C1D7C05F500529E44 /* 115.png */ = {isa = PBXFileReference; lastKnownFileType = image.png; path = 115.png; sourceTree = "<group>"; };
		2E468A1D1D7C05F500529E44 /* 116.png */ = {isa = PBXFileReference; lastKnownFileType = image.png; path = 116.png; sourceTree = "<group>"; };
		2E468A1E1D7C05F500529E44 /* 117.png */ = {isa = PBXFileReference; lastKnownFileType = image.png; path = 117.png; sourceTree = "<group>"; };
		2E468A1F1D7C05F500529E44 /* 118.png */ = {isa = PBXFileReference; lastKnownFileType = image.png; path = 118.png; sourceTree = "<group>"; };
		2E468A201D7C05F500529E44 /* 119.png */ = {isa = PBXFileReference; lastKnownFileType = image.png; path = 119.png; sourceTree = "<group>"; };
		2E468A211D7C05F500529E44 /* 120.png */ = {isa = PBXFileReference; lastKnownFileType = image.png; path = 120.png; sourceTree = "<group>"; };
		2E468A221D7C05F500529E44 /* 121.png */ = {isa = PBXFileReference; lastKnownFileType = image.png; path = 121.png; sourceTree = "<group>"; };
		2E468A231D7C05F500529E44 /* 122.png */ = {isa = PBXFileReference; lastKnownFileType = image.png; path = 122.png; sourceTree = "<group>"; };
		2E468A241D7C05F500529E44 /* 123.png */ = {isa = PBXFileReference; lastKnownFileType = image.png; path = 123.png; sourceTree = "<group>"; };
		2E468A251D7C05F500529E44 /* 124.png */ = {isa = PBXFileReference; lastKnownFileType = image.png; path = 124.png; sourceTree = "<group>"; };
		2E468A261D7C05F500529E44 /* 125.png */ = {isa = PBXFileReference; lastKnownFileType = image.png; path = 125.png; sourceTree = "<group>"; };
		2E468A271D7C05F500529E44 /* 126.png */ = {isa = PBXFileReference; lastKnownFileType = image.png; path = 126.png; sourceTree = "<group>"; };
		2E468A281D7C05F500529E44 /* 127.png */ = {isa = PBXFileReference; lastKnownFileType = image.png; path = 127.png; sourceTree = "<group>"; };
		2E468A291D7C05F500529E44 /* 128.png */ = {isa = PBXFileReference; lastKnownFileType = image.png; path = 128.png; sourceTree = "<group>"; };
		2E468A2A1D7C05F500529E44 /* 129.png */ = {isa = PBXFileReference; lastKnownFileType = image.png; path = 129.png; sourceTree = "<group>"; };
		2E468A2B1D7C05F500529E44 /* 130.png */ = {isa = PBXFileReference; lastKnownFileType = image.png; path = 130.png; sourceTree = "<group>"; };
		2E468A2C1D7C05F500529E44 /* 131.png */ = {isa = PBXFileReference; lastKnownFileType = image.png; path = 131.png; sourceTree = "<group>"; };
		2E468A2D1D7C05F500529E44 /* 132.png */ = {isa = PBXFileReference; lastKnownFileType = image.png; path = 132.png; sourceTree = "<group>"; };
		2E468A2E1D7C05F500529E44 /* 133.png */ = {isa = PBXFileReference; lastKnownFileType = image.png; path = 133.png; sourceTree = "<group>"; };
		2E468A2F1D7C05F500529E44 /* 134.png */ = {isa = PBXFileReference; lastKnownFileType = image.png; path = 134.png; sourceTree = "<group>"; };
		2E468A301D7C05F500529E44 /* 135.png */ = {isa = PBXFileReference; lastKnownFileType = image.png; path = 135.png; sourceTree = "<group>"; };
		2E468A311D7C05F500529E44 /* 136.png */ = {isa = PBXFileReference; lastKnownFileType = image.png; path = 136.png; sourceTree = "<group>"; };
		2E468A321D7C05F500529E44 /* 137.png */ = {isa = PBXFileReference; lastKnownFileType = image.png; path = 137.png; sourceTree = "<group>"; };
		2E468A331D7C05F500529E44 /* 138.png */ = {isa = PBXFileReference; lastKnownFileType = image.png; path = 138.png; sourceTree = "<group>"; };
		2E468A341D7C05F500529E44 /* 139.png */ = {isa = PBXFileReference; lastKnownFileType = image.png; path = 139.png; sourceTree = "<group>"; };
		2E468A351D7C05F500529E44 /* 140.png */ = {isa = PBXFileReference; lastKnownFileType = image.png; path = 140.png; sourceTree = "<group>"; };
		2E468A361D7C05F500529E44 /* 141.png */ = {isa = PBXFileReference; lastKnownFileType = image.png; path = 141.png; sourceTree = "<group>"; };
		2E468A371D7C05F500529E44 /* 142.png */ = {isa = PBXFileReference; lastKnownFileType = image.png; path = 142.png; sourceTree = "<group>"; };
		2E468A381D7C05F500529E44 /* 143.png */ = {isa = PBXFileReference; lastKnownFileType = image.png; path = 143.png; sourceTree = "<group>"; };
		2E468A391D7C05F500529E44 /* 144.png */ = {isa = PBXFileReference; lastKnownFileType = image.png; path = 144.png; sourceTree = "<group>"; };
		2E468A3A1D7C05F500529E44 /* 145.png */ = {isa = PBXFileReference; lastKnownFileType = image.png; path = 145.png; sourceTree = "<group>"; };
		2E468A3B1D7C05F500529E44 /* 146.png */ = {isa = PBXFileReference; lastKnownFileType = image.png; path = 146.png; sourceTree = "<group>"; };
		2E468A3C1D7C05F500529E44 /* 147.png */ = {isa = PBXFileReference; lastKnownFileType = image.png; path = 147.png; sourceTree = "<group>"; };
		2E468A3D1D7C05F500529E44 /* 148.png */ = {isa = PBXFileReference; lastKnownFileType = image.png; path = 148.png; sourceTree = "<group>"; };
		2E468A3E1D7C05F500529E44 /* 149.png */ = {isa = PBXFileReference; lastKnownFileType = image.png; path = 149.png; sourceTree = "<group>"; };
		2E468A3F1D7C05F500529E44 /* 150.png */ = {isa = PBXFileReference; lastKnownFileType = image.png; path = 150.png; sourceTree = "<group>"; };
		2E468A401D7C05F500529E44 /* 151.png */ = {isa = PBXFileReference; lastKnownFileType = image.png; path = 151.png; sourceTree = "<group>"; };
		2E468A411D7C05F500529E44 /* 152.png */ = {isa = PBXFileReference; lastKnownFileType = image.png; path = 152.png; sourceTree = "<group>"; };
		2E468A421D7C05F500529E44 /* 153.png */ = {isa = PBXFileReference; lastKnownFileType = image.png; path = 153.png; sourceTree = "<group>"; };
		2E468A431D7C05F500529E44 /* 154.png */ = {isa = PBXFileReference; lastKnownFileType = image.png; path = 154.png; sourceTree = "<group>"; };
		2E468A441D7C05F500529E44 /* 155.png */ = {isa = PBXFileReference; lastKnownFileType = image.png; path = 155.png; sourceTree = "<group>"; };
		2E468A451D7C05F500529E44 /* 156.png */ = {isa = PBXFileReference; lastKnownFileType = image.png; path = 156.png; sourceTree = "<group>"; };
		2E468A461D7C05F500529E44 /* 157.png */ = {isa = PBXFileReference; lastKnownFileType = image.png; path = 157.png; sourceTree = "<group>"; };
		2E468A471D7C05F500529E44 /* 158.png */ = {isa = PBXFileReference; lastKnownFileType = image.png; path = 158.png; sourceTree = "<group>"; };
		2E468A481D7C05F500529E44 /* 159.png */ = {isa = PBXFileReference; lastKnownFileType = image.png; path = 159.png; sourceTree = "<group>"; };
		2E468A491D7C05F500529E44 /* 160.png */ = {isa = PBXFileReference; lastKnownFileType = image.png; path = 160.png; sourceTree = "<group>"; };
		2E468A4A1D7C05F500529E44 /* 161.png */ = {isa = PBXFileReference; lastKnownFileType = image.png; path = 161.png; sourceTree = "<group>"; };
		2E468A4B1D7C05F500529E44 /* 162.png */ = {isa = PBXFileReference; lastKnownFileType = image.png; path = 162.png; sourceTree = "<group>"; };
		2E468A4C1D7C05F500529E44 /* 163.png */ = {isa = PBXFileReference; lastKnownFileType = image.png; path = 163.png; sourceTree = "<group>"; };
		2E468A4D1D7C05F500529E44 /* 164.png */ = {isa = PBXFileReference; lastKnownFileType = image.png; path = 164.png; sourceTree = "<group>"; };
		2E468A4E1D7C05F500529E44 /* 165.png */ = {isa = PBXFileReference; lastKnownFileType = image.png; path = 165.png; sourceTree = "<group>"; };
		2E468A4F1D7C05F500529E44 /* 166.png */ = {isa = PBXFileReference; lastKnownFileType = image.png; path = 166.png; sourceTree = "<group>"; };
		2E468A501D7C05F500529E44 /* 167.png */ = {isa = PBXFileReference; lastKnownFileType = image.png; path = 167.png; sourceTree = "<group>"; };
		2E468A511D7C05F500529E44 /* 168.png */ = {isa = PBXFileReference; lastKnownFileType = image.png; path = 168.png; sourceTree = "<group>"; };
		2E468A521D7C05F500529E44 /* 169.png */ = {isa = PBXFileReference; lastKnownFileType = image.png; path = 169.png; sourceTree = "<group>"; };
		2E468A531D7C05F500529E44 /* 170.png */ = {isa = PBXFileReference; lastKnownFileType = image.png; path = 170.png; sourceTree = "<group>"; };
		2E468A541D7C05F500529E44 /* 171.png */ = {isa = PBXFileReference; lastKnownFileType = image.png; path = 171.png; sourceTree = "<group>"; };
		2E468A551D7C05F500529E44 /* 172.png */ = {isa = PBXFileReference; lastKnownFileType = image.png; path = 172.png; sourceTree = "<group>"; };
		2E468A561D7C05F500529E44 /* 173.png */ = {isa = PBXFileReference; lastKnownFileType = image.png; path = 173.png; sourceTree = "<group>"; };
		2E468A571D7C05F500529E44 /* 174.png */ = {isa = PBXFileReference; lastKnownFileType = image.png; path = 174.png; sourceTree = "<group>"; };
		2E468A581D7C05F500529E44 /* 175.png */ = {isa = PBXFileReference; lastKnownFileType = image.png; path = 175.png; sourceTree = "<group>"; };
		2E468A591D7C05F500529E44 /* 176.png */ = {isa = PBXFileReference; lastKnownFileType = image.png; path = 176.png; sourceTree = "<group>"; };
		2E468A5A1D7C05F500529E44 /* 177.png */ = {isa = PBXFileReference; lastKnownFileType = image.png; path = 177.png; sourceTree = "<group>"; };
		2E468A5B1D7C05F500529E44 /* 178.png */ = {isa = PBXFileReference; lastKnownFileType = image.png; path = 178.png; sourceTree = "<group>"; };
		2E468A5C1D7C05F500529E44 /* 179.png */ = {isa = PBXFileReference; lastKnownFileType = image.png; path = 179.png; sourceTree = "<group>"; };
		2E468A5D1D7C05F500529E44 /* 180.png */ = {isa = PBXFileReference; lastKnownFileType = image.png; path = 180.png; sourceTree = "<group>"; };
		2E468A5E1D7C05F500529E44 /* 181.png */ = {isa = PBXFileReference; lastKnownFileType = image.png; path = 181.png; sourceTree = "<group>"; };
		2E468A5F1D7C05F500529E44 /* 182.png */ = {isa = PBXFileReference; lastKnownFileType = image.png; path = 182.png; sourceTree = "<group>"; };
		2E468A601D7C05F500529E44 /* 183.png */ = {isa = PBXFileReference; lastKnownFileType = image.png; path = 183.png; sourceTree = "<group>"; };
		2E468A611D7C05F500529E44 /* 184.png */ = {isa = PBXFileReference; lastKnownFileType = image.png; path = 184.png; sourceTree = "<group>"; };
		2E468A621D7C05F500529E44 /* 185.png */ = {isa = PBXFileReference; lastKnownFileType = image.png; path = 185.png; sourceTree = "<group>"; };
		2E468A631D7C05F500529E44 /* 186.png */ = {isa = PBXFileReference; lastKnownFileType = image.png; path = 186.png; sourceTree = "<group>"; };
		2E468A641D7C05F500529E44 /* 187.png */ = {isa = PBXFileReference; lastKnownFileType = image.png; path = 187.png; sourceTree = "<group>"; };
		2E468A651D7C05F500529E44 /* 188.png */ = {isa = PBXFileReference; lastKnownFileType = image.png; path = 188.png; sourceTree = "<group>"; };
		2E468A661D7C05F500529E44 /* 189.png */ = {isa = PBXFileReference; lastKnownFileType = image.png; path = 189.png; sourceTree = "<group>"; };
		2E468A671D7C05F500529E44 /* 190.png */ = {isa = PBXFileReference; lastKnownFileType = image.png; path = 190.png; sourceTree = "<group>"; };
		2E468A681D7C05F500529E44 /* 191.png */ = {isa = PBXFileReference; lastKnownFileType = image.png; path = 191.png; sourceTree = "<group>"; };
		2E468A691D7C05F500529E44 /* 192.png */ = {isa = PBXFileReference; lastKnownFileType = image.png; path = 192.png; sourceTree = "<group>"; };
		2E468A6A1D7C05F500529E44 /* 193.png */ = {isa = PBXFileReference; lastKnownFileType = image.png; path = 193.png; sourceTree = "<group>"; };
		2E468A6B1D7C05F500529E44 /* 194.png */ = {isa = PBXFileReference; lastKnownFileType = image.png; path = 194.png; sourceTree = "<group>"; };
		2E468A6C1D7C05F500529E44 /* 195.png */ = {isa = PBXFileReference; lastKnownFileType = image.png; path = 195.png; sourceTree = "<group>"; };
		2E468A6D1D7C05F500529E44 /* 196.png */ = {isa = PBXFileReference; lastKnownFileType = image.png; path = 196.png; sourceTree = "<group>"; };
		2E468A6E1D7C05F500529E44 /* 197.png */ = {isa = PBXFileReference; lastKnownFileType = image.png; path = 197.png; sourceTree = "<group>"; };
		2E468A6F1D7C05F500529E44 /* 198.png */ = {isa = PBXFileReference; lastKnownFileType = image.png; path = 198.png; sourceTree = "<group>"; };
		2E468A701D7C05F500529E44 /* 199.png */ = {isa = PBXFileReference; lastKnownFileType = image.png; path = 199.png; sourceTree = "<group>"; };
		2E468A711D7C05F500529E44 /* 200.png */ = {isa = PBXFileReference; lastKnownFileType = image.png; path = 200.png; sourceTree = "<group>"; };
		2E468A721D7C05F500529E44 /* 201.png */ = {isa = PBXFileReference; lastKnownFileType = image.png; path = 201.png; sourceTree = "<group>"; };
		2E468A731D7C05F500529E44 /* gooddoctor.json */ = {isa = PBXFileReference; fileEncoding = 4; lastKnownFileType = text.json; path = gooddoctor.json; sourceTree = "<group>"; };
		2E468A741D7C05F500529E44 /* graylogo.png */ = {isa = PBXFileReference; lastKnownFileType = image.png; path = graylogo.png; sourceTree = "<group>"; };
		2E468A751D7C05F500529E44 /* hospital.json */ = {isa = PBXFileReference; fileEncoding = 4; lastKnownFileType = text.json; path = hospital.json; sourceTree = "<group>"; };
		2E468A781D7C05F500529E44 /* 584-location@2x.png */ = {isa = PBXFileReference; lastKnownFileType = image.png; path = "584-location@2x.png"; sourceTree = "<group>"; };
		2E468A791D7C05F500529E44 /* 584-location@3x.png */ = {isa = PBXFileReference; lastKnownFileType = image.png; path = "584-location@3x.png"; sourceTree = "<group>"; };
		2E468A7A1D7C05F500529E44 /* 766-arrow-right-selected@2x.png */ = {isa = PBXFileReference; lastKnownFileType = image.png; path = "766-arrow-right-selected@2x.png"; sourceTree = "<group>"; };
		2E468A7B1D7C05F500529E44 /* 766-arrow-right-selected@3x.png */ = {isa = PBXFileReference; lastKnownFileType = image.png; path = "766-arrow-right-selected@3x.png"; sourceTree = "<group>"; };
		2E468A7C1D7C05F500529E44 /* 766-arrow-right@2x.png */ = {isa = PBXFileReference; lastKnownFileType = image.png; path = "766-arrow-right@2x.png"; sourceTree = "<group>"; };
		2E468A7D1D7C05F500529E44 /* 766-arrow-right@3x.png */ = {isa = PBXFileReference; lastKnownFileType = image.png; path = "766-arrow-right@3x.png"; sourceTree = "<group>"; };
		2E468A7E1D7C05F500529E44 /* 分享@2x.png */ = {isa = PBXFileReference; lastKnownFileType = image.png; path = "分享@2x.png"; sourceTree = "<group>"; };
		2E468A7F1D7C05F500529E44 /* 分享@3x.png */ = {isa = PBXFileReference; lastKnownFileType = image.png; path = "分享@3x.png"; sourceTree = "<group>"; };
		2E468A801D7C05F500529E44 /* 分类@2x.png */ = {isa = PBXFileReference; lastKnownFileType = image.png; path = "分类@2x.png"; sourceTree = "<group>"; };
		2E468A811D7C05F500529E44 /* 分类@3x.png */ = {isa = PBXFileReference; lastKnownFileType = image.png; path = "分类@3x.png"; sourceTree = "<group>"; };
		2E468A821D7C05F500529E44 /* 我@2x.png */ = {isa = PBXFileReference; lastKnownFileType = image.png; path = "我@2x.png"; sourceTree = "<group>"; };
		2E468A831D7C05F500529E44 /* 我@3x.png */ = {isa = PBXFileReference; lastKnownFileType = image.png; path = "我@3x.png"; sourceTree = "<group>"; };
		2E468A841D7C05F500529E44 /* 社区@2x.png */ = {isa = PBXFileReference; lastKnownFileType = image.png; path = "社区@2x.png"; sourceTree = "<group>"; };
		2E468A851D7C05F500529E44 /* 社区@3x.png */ = {isa = PBXFileReference; lastKnownFileType = image.png; path = "社区@3x.png"; sourceTree = "<group>"; };
		2E468A861D7C05F500529E44 /* 药箱@2x.png */ = {isa = PBXFileReference; lastKnownFileType = image.png; path = "药箱@2x.png"; sourceTree = "<group>"; };
		2E468A871D7C05F500529E44 /* 药箱@3x.png */ = {isa = PBXFileReference; lastKnownFileType = image.png; path = "药箱@3x.png"; sourceTree = "<group>"; };
		2E468A881D7C05F500529E44 /* 药箱_03.png */ = {isa = PBXFileReference; lastKnownFileType = image.png; path = "药箱_03.png"; sourceTree = "<group>"; };
		2E468A891D7C05F500529E44 /* 资讯@2x.png */ = {isa = PBXFileReference; lastKnownFileType = image.png; path = "资讯@2x.png"; sourceTree = "<group>"; };
		2E468A8A1D7C05F500529E44 /* 资讯@3x.png */ = {isa = PBXFileReference; lastKnownFileType = image.png; path = "资讯@3x.png"; sourceTree = "<group>"; };
		2EF4EC081D7C6CEB003CD779 /* 726-star@2x.png */ = {isa = PBXFileReference; lastKnownFileType = image.png; path = "726-star@2x.png"; sourceTree = "<group>"; };
		2EF4EC091D7C6CEB003CD779 /* 726-star@3x.png */ = {isa = PBXFileReference; lastKnownFileType = image.png; path = "726-star@3x.png"; sourceTree = "<group>"; };
		2EF4EC0C1D7C7022003CD779 /* tab_c1.png */ = {isa = PBXFileReference; lastKnownFileType = image.png; path = tab_c1.png; sourceTree = "<group>"; };
		2EF4EC0E1D7C7711003CD779 /* ThankViewController.swift */ = {isa = PBXFileReference; fileEncoding = 4; lastKnownFileType = sourcecode.swift; path = ThankViewController.swift; sourceTree = "<group>"; };
		2EF4EC0F1D7C7711003CD779 /* ThankViewController.xib */ = {isa = PBXFileReference; fileEncoding = 4; lastKnownFileType = file.xib; path = ThankViewController.xib; sourceTree = "<group>"; };
		2EF4EC171D7D83B7003CD779 /* FMDBDataManager.swift */ = {isa = PBXFileReference; fileEncoding = 4; lastKnownFileType = sourcecode.swift; name = FMDBDataManager.swift; path = "../LoveDog/种类/收藏/FMDBDataManager.swift"; sourceTree = "<group>"; };
		2EF4EC191D7D994C003CD779 /* LikeDogViewController.swift */ = {isa = PBXFileReference; fileEncoding = 4; lastKnownFileType = sourcecode.swift; path = LikeDogViewController.swift; sourceTree = "<group>"; };
		2EF4EC1B1D7DA72B003CD779 /* LikeDogCell.swift */ = {isa = PBXFileReference; fileEncoding = 4; lastKnownFileType = sourcecode.swift; path = LikeDogCell.swift; sourceTree = "<group>"; };
		2EF4EC1D1D7DB298003CD779 /* 748-heart-toolbar-selected.png */ = {isa = PBXFileReference; lastKnownFileType = image.png; path = "748-heart-toolbar-selected.png"; sourceTree = "<group>"; };
		2EF4EC1E1D7DB298003CD779 /* 748-heart-toolbar-selected@2x.png */ = {isa = PBXFileReference; lastKnownFileType = image.png; path = "748-heart-toolbar-selected@2x.png"; sourceTree = "<group>"; };
		2EF4EC1F1D7DB298003CD779 /* 748-heart-toolbar-selected@3x.png */ = {isa = PBXFileReference; lastKnownFileType = image.png; path = "748-heart-toolbar-selected@3x.png"; sourceTree = "<group>"; };
		2EF4EC201D7DB298003CD779 /* 748-heart-toolbar.png */ = {isa = PBXFileReference; lastKnownFileType = image.png; path = "748-heart-toolbar.png"; sourceTree = "<group>"; };
		2EF4EC211D7DB298003CD779 /* 748-heart-toolbar@2x.png */ = {isa = PBXFileReference; lastKnownFileType = image.png; path = "748-heart-toolbar@2x.png"; sourceTree = "<group>"; };
		2EF4EC221D7DB298003CD779 /* 748-heart-toolbar@3x.png */ = {isa = PBXFileReference; lastKnownFileType = image.png; path = "748-heart-toolbar@3x.png"; sourceTree = "<group>"; };
		2EF4EC291D7F0C74003CD779 /* NaviTitleView.swift */ = {isa = PBXFileReference; fileEncoding = 4; lastKnownFileType = sourcecode.swift; path = NaviTitleView.swift; sourceTree = "<group>"; };
		2EF4EC2B1D7F0FE8003CD779 /* OtherPetsCell.swift */ = {isa = PBXFileReference; fileEncoding = 4; lastKnownFileType = sourcecode.swift; path = OtherPetsCell.swift; sourceTree = "<group>"; };
		2EF4EC2D1D7F1B82003CD779 /* OtherPetsCell1.swift */ = {isa = PBXFileReference; fileEncoding = 4; lastKnownFileType = sourcecode.swift; path = OtherPetsCell1.swift; sourceTree = "<group>"; };
		2EF4EC2E1D7F1B82003CD779 /* OtherPetsCell2.swift */ = {isa = PBXFileReference; fileEncoding = 4; lastKnownFileType = sourcecode.swift; path = OtherPetsCell2.swift; sourceTree = "<group>"; };
		2EF4EC2F1D7F1B82003CD779 /* OtherPetsCell3.swift */ = {isa = PBXFileReference; fileEncoding = 4; lastKnownFileType = sourcecode.swift; path = OtherPetsCell3.swift; sourceTree = "<group>"; };
		2EF4EC361D804651003CD779 /* FeedsViewController.swift */ = {isa = PBXFileReference; fileEncoding = 4; lastKnownFileType = sourcecode.swift; path = FeedsViewController.swift; sourceTree = "<group>"; };
		2EF4EC381D8046EE003CD779 /* FeedsCell.swift */ = {isa = PBXFileReference; fileEncoding = 4; lastKnownFileType = sourcecode.swift; path = FeedsCell.swift; sourceTree = "<group>"; };
		2EF4EC3A1D8047F6003CD779 /* FeedsModel.swift */ = {isa = PBXFileReference; fileEncoding = 4; lastKnownFileType = sourcecode.swift; path = FeedsModel.swift; sourceTree = "<group>"; };
		2EF4EC601D82E96F003CD779 /* qdy.png */ = {isa = PBXFileReference; lastKnownFileType = image.png; path = qdy.png; sourceTree = "<group>"; };
		2EF4EC621D838EBA003CD779 /* PhotoViewController.swift */ = {isa = PBXFileReference; fileEncoding = 4; lastKnownFileType = sourcecode.swift; path = PhotoViewController.swift; sourceTree = "<group>"; };
		2F867E9D4A2D784DEEA583BD /* Pods_LoveDog.framework */ = {isa = PBXFileReference; explicitFileType = wrapper.framework; includeInIndex = 0; path = Pods_LoveDog.framework; sourceTree = BUILT_PRODUCTS_DIR; };
		87B5D8266DFB1053C14C8520 /* Pods-LoveDog.debug.xcconfig */ = {isa = PBXFileReference; includeInIndex = 1; lastKnownFileType = text.xcconfig; name = "Pods-LoveDog.debug.xcconfig"; path = "Pods/Target Support Files/Pods-LoveDog/Pods-LoveDog.debug.xcconfig"; sourceTree = "<group>"; };
/* End PBXFileReference section */

/* Begin PBXFrameworksBuildPhase section */
		2E4689B71D7C054F00529E44 /* Frameworks */ = {
			isa = PBXFrameworksBuildPhase;
			buildActionMask = 2147483647;
			files = (
				0C20C6BC9148867A2BB557C1 /* Pods_LoveDog.framework in Frameworks */,
			);
			runOnlyForDeploymentPostprocessing = 0;
		};
/* End PBXFrameworksBuildPhase section */

/* Begin PBXGroup section */
		2E4689B11D7C054F00529E44 = {
			isa = PBXGroup;
			children = (
				2E4689CF1D7C05D900529E44 /* Common */,
				2E4689BC1D7C054F00529E44 /* LoveDog */,
				2E4689BB1D7C054F00529E44 /* Products */,
				A52E216D3EAA7EEFFE7896EB /* Pods */,
				B5BF4C75EF01DEC1ABF71B3B /* Frameworks */,
			);
			sourceTree = "<group>";
		};
		2E4689BB1D7C054F00529E44 /* Products */ = {
			isa = PBXGroup;
			children = (
				2E4689BA1D7C054F00529E44 /* LoveDog.app */,
			);
			name = Products;
			sourceTree = "<group>";
		};
		2E4689BC1D7C054F00529E44 /* LoveDog */ = {
			isa = PBXGroup;
			children = (
				2E4689F91D7C05F500529E44 /* 主页 */,
				2E4689E51D7C05F500529E44 /* 健康 */,
				2E4689F21D7C05F500529E44 /* 种类 */,
				2EF4EC351D80460B003CD779 /* 圈子 */,
				2E4689E21D7C05F500529E44 /* 个人 */,
				2E468A0A1D7C05F500529E44 /* DogTabBarController.swift */,
				2E468A0B1D7C05F500529E44 /* Source */,
				2E4689BD1D7C054F00529E44 /* AppDelegate.swift */,
				2E4689BF1D7C054F00529E44 /* ViewController.swift */,
				2E4689C11D7C054F00529E44 /* Main.storyboard */,
				2E4689C41D7C054F00529E44 /* Assets.xcassets */,
				2E4689C61D7C054F00529E44 /* LaunchScreen.storyboard */,
				2E4689C91D7C054F00529E44 /* Info.plist */,
			);
			path = LoveDog;
			sourceTree = "<group>";
		};
		2E4689CF1D7C05D900529E44 /* Common */ = {
			isa = PBXGroup;
			children = (
				2E4689D01D7C05D900529E44 /* ADScrollView */,
				2E4689D51D7C05D900529E44 /* BaseRequest.swift */,
				2E4689D61D7C05D900529E44 /* BridgerHeader.h */,
				2E4689D71D7C05D900529E44 /* HDManager */,
				2E4689DA1D7C05D900529E44 /* MD5Tool.swift */,
				2E4689DB1D7C05D900529E44 /* Tools.swift */,
				2EF4EC171D7D83B7003CD779 /* FMDBDataManager.swift */,
			);
			path = Common;
			sourceTree = "<group>";
		};
		2E4689D01D7C05D900529E44 /* ADScrollView */ = {
			isa = PBXGroup;
			children = (
				2E4689D11D7C05D900529E44 /* CycleImageCell.h */,
				2E4689D21D7C05D900529E44 /* CycleImageCell.m */,
				2E4689D31D7C05D900529E44 /* XTADScrollView.h */,
				2E4689D41D7C05D900529E44 /* XTADScrollView.m */,
			);
			path = ADScrollView;
			sourceTree = "<group>";
		};
		2E4689D71D7C05D900529E44 /* HDManager */ = {
			isa = PBXGroup;
			children = (
				2E4689D81D7C05D900529E44 /* HDManager.h */,
				2E4689D91D7C05D900529E44 /* HDManager.m */,
			);
			path = HDManager;
			sourceTree = "<group>";
		};
		2E4689E21D7C05F500529E44 /* 个人 */ = {
			isa = PBXGroup;
			children = (
				2E4689E31D7C05F500529E44 /* MyselfViewController.swift */,
				2EF4EC0E1D7C7711003CD779 /* ThankViewController.swift */,
				2EF4EC0F1D7C7711003CD779 /* ThankViewController.xib */,
				2EF4EC191D7D994C003CD779 /* LikeDogViewController.swift */,
				2EF4EC1B1D7DA72B003CD779 /* LikeDogCell.swift */,
			);
			path = "个人";
			sourceTree = "<group>";
		};
		2E4689E51D7C05F500529E44 /* 健康 */ = {
			isa = PBXGroup;
			children = (
				2E4689E91D7C05F500529E44 /* DogHealthViewController.swift */,
				2E4689E61D7C05F500529E44 /* DoctorModel.swift */,
				2E4689E71D7C05F500529E44 /* DoctorNetworkManager.swift */,
				2E4689E81D7C05F500529E44 /* DoctorViewCell.swift */,
				2E4689EA1D7C05F500529E44 /* HealthDetailViewController.swift */,
				2E4689EB1D7C05F500529E44 /* HospitalModel.swift */,
				2E4689EC1D7C05F500529E44 /* HospitalNetworkManager.swift */,
				2E4689ED1D7C05F500529E44 /* HospViewCell.swift */,
				2E4689EE1D7C05F500529E44 /* QFRefeshHeader.swift */,
				2E4689EF1D7C05F500529E44 /* 城市选择 */,
			);
			path = "健康";
			sourceTree = "<group>";
		};
		2E4689EF1D7C05F500529E44 /* 城市选择 */ = {
			isa = PBXGroup;
			children = (
				2E4689F01D7C05F500529E44 /* LocationCell.swift */,
				2E4689F11D7C05F500529E44 /* RegionViewController.swift */,
			);
			path = "城市选择";
			sourceTree = "<group>";
		};
		2E4689F21D7C05F500529E44 /* 种类 */ = {
			isa = PBXGroup;
			children = (
				2E4689F41D7C05F500529E44 /* DogKindViewController.swift */,
				2E4689F61D7C05F500529E44 /* KindSearchViewController.swift */,
				2E4689F31D7C05F500529E44 /* DogDetailViewController.swift */,
				2E4689F71D7C05F500529E44 /* SearchDogCell.swift */,
				2E4689F81D7C05F500529E44 /* SearchDogCell.xib */,
				2E4689F51D7C05F500529E44 /* DogModel.swift */,
			);
			path = "种类";
			sourceTree = "<group>";
		};
		2E4689F91D7C05F500529E44 /* 主页 */ = {
			isa = PBXGroup;
			children = (
				2E4689FC1D7C05F500529E44 /* MainViewController.swift */,
				2E4689FB1D7C05F500529E44 /* DocViewCell.swift */,
				2E4689FA1D7C05F500529E44 /* DocCollectionViewCell.swift */,
				2E468A041D7C05F500529E44 /* 按钮详情 */,
				2E4689FF1D7C05F500529E44 /* 养护手册 */,
				2E4689FD1D7C05F500529E44 /* 其他宠物 */,
			);
			path = "主页";
			sourceTree = "<group>";
		};
		2E4689FD1D7C05F500529E44 /* 其他宠物 */ = {
			isa = PBXGroup;
			children = (
				2E4689FE1D7C05F500529E44 /* OtherPetsViewController.swift */,
				2EF4EC291D7F0C74003CD779 /* NaviTitleView.swift */,
				2EF4EC2B1D7F0FE8003CD779 /* OtherPetsCell.swift */,
				2EF4EC2D1D7F1B82003CD779 /* OtherPetsCell1.swift */,
				2EF4EC2E1D7F1B82003CD779 /* OtherPetsCell2.swift */,
				2EF4EC2F1D7F1B82003CD779 /* OtherPetsCell3.swift */,
			);
			path = "其他宠物";
			sourceTree = "<group>";
		};
		2E4689FF1D7C05F500529E44 /* 养护手册 */ = {
			isa = PBXGroup;
			children = (
				2E468A031D7C05F500529E44 /* CuringViewController.swift */,
				2E468A011D7C05F500529E44 /* CuringCell.swift */,
				2E468A021D7C05F500529E44 /* CuringModel.swift */,
				2E468A001D7C05F500529E44 /* CureDetailViewController.swift */,
			);
			path = "养护手册";
			sourceTree = "<group>";
		};
		2E468A041D7C05F500529E44 /* 按钮详情 */ = {
			isa = PBXGroup;
			children = (
				2E468A051D7C05F500529E44 /* MainDetailCell.swift */,
				2E468A061D7C05F500529E44 /* MainDetailViewController.swift */,
				2E468A071D7C05F500529E44 /* MainModel.swift */,
				2E468A081D7C05F500529E44 /* MainNetManager.swift */,
				2E468A091D7C05F500529E44 /* MainWebviewViewController.swift */,
			);
			path = "按钮详情";
			sourceTree = "<group>";
		};
		2E468A0B1D7C05F500529E44 /* Source */ = {
			isa = PBXGroup;
			children = (
				2EF4EC601D82E96F003CD779 /* qdy.png */,
				2E468A0C1D7C05F500529E44 /* dog.txt */,
				2E468A0D1D7C05F500529E44 /* DogPicture */,
				2E468A731D7C05F500529E44 /* gooddoctor.json */,
				2E468A741D7C05F500529E44 /* graylogo.png */,
				2E468A751D7C05F500529E44 /* hospital.json */,
				2E468A771D7C05F500529E44 /* tabbar */,
			);
			path = Source;
			sourceTree = "<group>";
		};
		2E468A0D1D7C05F500529E44 /* DogPicture */ = {
			isa = PBXGroup;
			children = (
				2E468A0E1D7C05F500529E44 /* 101.png */,
				2E468A0F1D7C05F500529E44 /* 102.png */,
				2E468A101D7C05F500529E44 /* 103.png */,
				2E468A111D7C05F500529E44 /* 104.png */,
				2E468A121D7C05F500529E44 /* 105.png */,
				2E468A131D7C05F500529E44 /* 106.png */,
				2E468A141D7C05F500529E44 /* 107.png */,
				2E468A151D7C05F500529E44 /* 108.png */,
				2E468A161D7C05F500529E44 /* 109.png */,
				2E468A171D7C05F500529E44 /* 110.png */,
				2E468A181D7C05F500529E44 /* 111.png */,
				2E468A191D7C05F500529E44 /* 112.png */,
				2E468A1A1D7C05F500529E44 /* 113.png */,
				2E468A1B1D7C05F500529E44 /* 114.png */,
				2E468A1C1D7C05F500529E44 /* 115.png */,
				2E468A1D1D7C05F500529E44 /* 116.png */,
				2E468A1E1D7C05F500529E44 /* 117.png */,
				2E468A1F1D7C05F500529E44 /* 118.png */,
				2E468A201D7C05F500529E44 /* 119.png */,
				2E468A211D7C05F500529E44 /* 120.png */,
				2E468A221D7C05F500529E44 /* 121.png */,
				2E468A231D7C05F500529E44 /* 122.png */,
				2E468A241D7C05F500529E44 /* 123.png */,
				2E468A251D7C05F500529E44 /* 124.png */,
				2E468A261D7C05F500529E44 /* 125.png */,
				2E468A271D7C05F500529E44 /* 126.png */,
				2E468A281D7C05F500529E44 /* 127.png */,
				2E468A291D7C05F500529E44 /* 128.png */,
				2E468A2A1D7C05F500529E44 /* 129.png */,
				2E468A2B1D7C05F500529E44 /* 130.png */,
				2E468A2C1D7C05F500529E44 /* 131.png */,
				2E468A2D1D7C05F500529E44 /* 132.png */,
				2E468A2E1D7C05F500529E44 /* 133.png */,
				2E468A2F1D7C05F500529E44 /* 134.png */,
				2E468A301D7C05F500529E44 /* 135.png */,
				2E468A311D7C05F500529E44 /* 136.png */,
				2E468A321D7C05F500529E44 /* 137.png */,
				2E468A331D7C05F500529E44 /* 138.png */,
				2E468A341D7C05F500529E44 /* 139.png */,
				2E468A351D7C05F500529E44 /* 140.png */,
				2E468A361D7C05F500529E44 /* 141.png */,
				2E468A371D7C05F500529E44 /* 142.png */,
				2E468A381D7C05F500529E44 /* 143.png */,
				2E468A391D7C05F500529E44 /* 144.png */,
				2E468A3A1D7C05F500529E44 /* 145.png */,
				2E468A3B1D7C05F500529E44 /* 146.png */,
				2E468A3C1D7C05F500529E44 /* 147.png */,
				2E468A3D1D7C05F500529E44 /* 148.png */,
				2E468A3E1D7C05F500529E44 /* 149.png */,
				2E468A3F1D7C05F500529E44 /* 150.png */,
				2E468A401D7C05F500529E44 /* 151.png */,
				2E468A411D7C05F500529E44 /* 152.png */,
				2E468A421D7C05F500529E44 /* 153.png */,
				2E468A431D7C05F500529E44 /* 154.png */,
				2E468A441D7C05F500529E44 /* 155.png */,
				2E468A451D7C05F500529E44 /* 156.png */,
				2E468A461D7C05F500529E44 /* 157.png */,
				2E468A471D7C05F500529E44 /* 158.png */,
				2E468A481D7C05F500529E44 /* 159.png */,
				2E468A491D7C05F500529E44 /* 160.png */,
				2E468A4A1D7C05F500529E44 /* 161.png */,
				2E468A4B1D7C05F500529E44 /* 162.png */,
				2E468A4C1D7C05F500529E44 /* 163.png */,
				2E468A4D1D7C05F500529E44 /* 164.png */,
				2E468A4E1D7C05F500529E44 /* 165.png */,
				2E468A4F1D7C05F500529E44 /* 166.png */,
				2E468A501D7C05F500529E44 /* 167.png */,
				2E468A511D7C05F500529E44 /* 168.png */,
				2E468A521D7C05F500529E44 /* 169.png */,
				2E468A531D7C05F500529E44 /* 170.png */,
				2E468A541D7C05F500529E44 /* 171.png */,
				2E468A551D7C05F500529E44 /* 172.png */,
				2E468A561D7C05F500529E44 /* 173.png */,
				2E468A571D7C05F500529E44 /* 174.png */,
				2E468A581D7C05F500529E44 /* 175.png */,
				2E468A591D7C05F500529E44 /* 176.png */,
				2E468A5A1D7C05F500529E44 /* 177.png */,
				2E468A5B1D7C05F500529E44 /* 178.png */,
				2E468A5C1D7C05F500529E44 /* 179.png */,
				2E468A5D1D7C05F500529E44 /* 180.png */,
				2E468A5E1D7C05F500529E44 /* 181.png */,
				2E468A5F1D7C05F500529E44 /* 182.png */,
				2E468A601D7C05F500529E44 /* 183.png */,
				2E468A611D7C05F500529E44 /* 184.png */,
				2E468A621D7C05F500529E44 /* 185.png */,
				2E468A631D7C05F500529E44 /* 186.png */,
				2E468A641D7C05F500529E44 /* 187.png */,
				2E468A651D7C05F500529E44 /* 188.png */,
				2E468A661D7C05F500529E44 /* 189.png */,
				2E468A671D7C05F500529E44 /* 190.png */,
				2E468A681D7C05F500529E44 /* 191.png */,
				2E468A691D7C05F500529E44 /* 192.png */,
				2E468A6A1D7C05F500529E44 /* 193.png */,
				2E468A6B1D7C05F500529E44 /* 194.png */,
				2E468A6C1D7C05F500529E44 /* 195.png */,
				2E468A6D1D7C05F500529E44 /* 196.png */,
				2E468A6E1D7C05F500529E44 /* 197.png */,
				2E468A6F1D7C05F500529E44 /* 198.png */,
				2E468A701D7C05F500529E44 /* 199.png */,
				2E468A711D7C05F500529E44 /* 200.png */,
				2E468A721D7C05F500529E44 /* 201.png */,
			);
			path = DogPicture;
			sourceTree = "<group>";
		};
		2E468A771D7C05F500529E44 /* tabbar */ = {
			isa = PBXGroup;
			children = (
				2EF4EC1D1D7DB298003CD779 /* 748-heart-toolbar-selected.png */,
				2EF4EC1E1D7DB298003CD779 /* 748-heart-toolbar-selected@2x.png */,
				2EF4EC1F1D7DB298003CD779 /* 748-heart-toolbar-selected@3x.png */,
				2EF4EC201D7DB298003CD779 /* 748-heart-toolbar.png */,
				2EF4EC211D7DB298003CD779 /* 748-heart-toolbar@2x.png */,
				2EF4EC221D7DB298003CD779 /* 748-heart-toolbar@3x.png */,
				2EF4EC0C1D7C7022003CD779 /* tab_c1.png */,
				2EF4EC081D7C6CEB003CD779 /* 726-star@2x.png */,
				2EF4EC091D7C6CEB003CD779 /* 726-star@3x.png */,
				2E468A781D7C05F500529E44 /* 584-location@2x.png */,
				2E468A791D7C05F500529E44 /* 584-location@3x.png */,
				2E468A7A1D7C05F500529E44 /* 766-arrow-right-selected@2x.png */,
				2E468A7B1D7C05F500529E44 /* 766-arrow-right-selected@3x.png */,
				2E468A7C1D7C05F500529E44 /* 766-arrow-right@2x.png */,
				2E468A7D1D7C05F500529E44 /* 766-arrow-right@3x.png */,
				2E468A7E1D7C05F500529E44 /* 分享@2x.png */,
				2E468A7F1D7C05F500529E44 /* 分享@3x.png */,
				2E468A801D7C05F500529E44 /* 分类@2x.png */,
				2E468A811D7C05F500529E44 /* 分类@3x.png */,
				2E468A821D7C05F500529E44 /* 我@2x.png */,
				2E468A831D7C05F500529E44 /* 我@3x.png */,
				2E468A841D7C05F500529E44 /* 社区@2x.png */,
				2E468A851D7C05F500529E44 /* 社区@3x.png */,
				2E468A861D7C05F500529E44 /* 药箱@2x.png */,
				2E468A871D7C05F500529E44 /* 药箱@3x.png */,
				2E468A881D7C05F500529E44 /* 药箱_03.png */,
				2E468A891D7C05F500529E44 /* 资讯@2x.png */,
				2E468A8A1D7C05F500529E44 /* 资讯@3x.png */,
			);
			path = tabbar;
			sourceTree = "<group>";
		};
		2EF4EC351D80460B003CD779 /* 圈子 */ = {
			isa = PBXGroup;
			children = (
				2EF4EC361D804651003CD779 /* FeedsViewController.swift */,
				2EF4EC3A1D8047F6003CD779 /* FeedsModel.swift */,
				2EF4EC381D8046EE003CD779 /* FeedsCell.swift */,
				2EF4EC621D838EBA003CD779 /* PhotoViewController.swift */,
			);
			path = "圈子";
			sourceTree = "<group>";
		};
		A52E216D3EAA7EEFFE7896EB /* Pods */ = {
			isa = PBXGroup;
			children = (
				87B5D8266DFB1053C14C8520 /* Pods-LoveDog.debug.xcconfig */,
				08B49F9B0B570A495650E4F2 /* Pods-LoveDog.release.xcconfig */,
			);
			name = Pods;
			sourceTree = "<group>";
		};
		B5BF4C75EF01DEC1ABF71B3B /* Frameworks */ = {
			isa = PBXGroup;
			children = (
				2F867E9D4A2D784DEEA583BD /* Pods_LoveDog.framework */,
			);
			name = Frameworks;
			sourceTree = "<group>";
		};
/* End PBXGroup section */

/* Begin PBXNativeTarget section */
		2E4689B91D7C054F00529E44 /* LoveDog */ = {
			isa = PBXNativeTarget;
			buildConfigurationList = 2E4689CC1D7C054F00529E44 /* Build configuration list for PBXNativeTarget "LoveDog" */;
			buildPhases = (
				105AC560E3C3F0009F6F5E3E /* [CP] Check Pods Manifest.lock */,
				2E4689B61D7C054F00529E44 /* Sources */,
				2E4689B71D7C054F00529E44 /* Frameworks */,
				2E4689B81D7C054F00529E44 /* Resources */,
				378D37B42EF97196933427DC /* [CP] Embed Pods Frameworks */,
				1DE492DE1B43E5604D17F62D /* [CP] Copy Pods Resources */,
			);
			buildRules = (
			);
			dependencies = (
			);
			name = LoveDog;
			productName = LoveDog;
			productReference = 2E4689BA1D7C054F00529E44 /* LoveDog.app */;
			productType = "com.apple.product-type.application";
		};
/* End PBXNativeTarget section */

/* Begin PBXProject section */
		2E4689B21D7C054F00529E44 /* Project object */ = {
			isa = PBXProject;
			attributes = {
				LastSwiftUpdateCheck = 0730;
				LastUpgradeCheck = 0730;
				ORGANIZATIONNAME = wei;
				TargetAttributes = {
					2E4689B91D7C054F00529E44 = {
						CreatedOnToolsVersion = 7.3.1;
						DevelopmentTeam = 3V5VPDV58H;
					};
				};
			};
			buildConfigurationList = 2E4689B51D7C054F00529E44 /* Build configuration list for PBXProject "LoveDog" */;
			compatibilityVersion = "Xcode 3.2";
			developmentRegion = English;
			hasScannedForEncodings = 0;
			knownRegions = (
				en,
				Base,
			);
			mainGroup = 2E4689B11D7C054F00529E44;
			productRefGroup = 2E4689BB1D7C054F00529E44 /* Products */;
			projectDirPath = "";
			projectRoot = "";
			targets = (
				2E4689B91D7C054F00529E44 /* LoveDog */,
			);
		};
/* End PBXProject section */

/* Begin PBXResourcesBuildPhase section */
		2E4689B81D7C054F00529E44 /* Resources */ = {
			isa = PBXResourcesBuildPhase;
			buildActionMask = 2147483647;
			files = (
				2E468B051D7C05F500529E44 /* 189.png in Resources */,
				2E468B011D7C05F500529E44 /* 185.png in Resources */,
				2E468AFD1D7C05F500529E44 /* 181.png in Resources */,
				2E468AD51D7C05F500529E44 /* 141.png in Resources */,
				2E468AD21D7C05F500529E44 /* 138.png in Resources */,
				2E468AD61D7C05F500529E44 /* 142.png in Resources */,
				2E468B1C1D7C05F500529E44 /* 分享@2x.png in Resources */,
				2E468B0E1D7C05F500529E44 /* 198.png in Resources */,
				2E468AAD1D7C05F500529E44 /* 101.png in Resources */,
				2E4689C81D7C054F00529E44 /* LaunchScreen.storyboard in Resources */,
				2EF4EC241D7DB298003CD779 /* 748-heart-toolbar-selected@2x.png in Resources */,
				2E4689C51D7C054F00529E44 /* Assets.xcassets in Resources */,
				2E468B0C1D7C05F500529E44 /* 196.png in Resources */,
				2E468ADD1D7C05F500529E44 /* 149.png in Resources */,
				2E468AF71D7C05F500529E44 /* 175.png in Resources */,
				2E468B021D7C05F500529E44 /* 186.png in Resources */,
				2E468ACB1D7C05F500529E44 /* 131.png in Resources */,
				2E468B1F1D7C05F500529E44 /* 分类@3x.png in Resources */,
				2E468B211D7C05F500529E44 /* 我@3x.png in Resources */,
				2E468B0B1D7C05F500529E44 /* 195.png in Resources */,
				2E468ABC1D7C05F500529E44 /* 116.png in Resources */,
				2E468AE61D7C05F500529E44 /* 158.png in Resources */,
				2EF4EC231D7DB298003CD779 /* 748-heart-toolbar-selected.png in Resources */,
				2E468AE21D7C05F500529E44 /* 154.png in Resources */,
				2EF4EC281D7DB298003CD779 /* 748-heart-toolbar@3x.png in Resources */,
				2E468ADF1D7C05F500529E44 /* 151.png in Resources */,
				2E468AF41D7C05F500529E44 /* 172.png in Resources */,
				2E468AF21D7C05F500529E44 /* 170.png in Resources */,
				2E468B001D7C05F500529E44 /* 184.png in Resources */,
				2E468AB01D7C05F500529E44 /* 104.png in Resources */,
				2E468B0A1D7C05F500529E44 /* 194.png in Resources */,
				2E468B201D7C05F500529E44 /* 我@2x.png in Resources */,
				2E468B071D7C05F500529E44 /* 191.png in Resources */,
				2E468AEE1D7C05F500529E44 /* 166.png in Resources */,
				2E468B161D7C05F500529E44 /* 584-location@2x.png in Resources */,
				2E468AAC1D7C05F500529E44 /* dog.txt in Resources */,
				2E468AED1D7C05F500529E44 /* 165.png in Resources */,
				2E468ADB1D7C05F500529E44 /* 147.png in Resources */,
				2E468AC81D7C05F500529E44 /* 128.png in Resources */,
				2E468B081D7C05F500529E44 /* 192.png in Resources */,
				2E468AFF1D7C05F500529E44 /* 183.png in Resources */,
				2E468B281D7C05F500529E44 /* 资讯@3x.png in Resources */,
				2E468A9D1D7C05F500529E44 /* SearchDogCell.xib in Resources */,
				2EF4EC251D7DB298003CD779 /* 748-heart-toolbar-selected@3x.png in Resources */,
				2E468B181D7C05F500529E44 /* 766-arrow-right-selected@2x.png in Resources */,
				2E468AE11D7C05F500529E44 /* 153.png in Resources */,
				2E468AC91D7C05F500529E44 /* 129.png in Resources */,
				2E468ABD1D7C05F500529E44 /* 117.png in Resources */,
				2E468AE51D7C05F500529E44 /* 157.png in Resources */,
				2E468AC31D7C05F500529E44 /* 123.png in Resources */,
				2E468ADA1D7C05F500529E44 /* 146.png in Resources */,
				2EF4EC271D7DB298003CD779 /* 748-heart-toolbar@2x.png in Resources */,
				2E468AE31D7C05F500529E44 /* 155.png in Resources */,
				2E468AE91D7C05F500529E44 /* 161.png in Resources */,
				2E468AC61D7C05F500529E44 /* 126.png in Resources */,
				2E468AE71D7C05F500529E44 /* 159.png in Resources */,
				2E468AB31D7C05F500529E44 /* 107.png in Resources */,
				2E468AC21D7C05F500529E44 /* 122.png in Resources */,
				2E468AD71D7C05F500529E44 /* 143.png in Resources */,
				2E468B091D7C05F500529E44 /* 193.png in Resources */,
				2E468B191D7C05F500529E44 /* 766-arrow-right-selected@3x.png in Resources */,
				2E468AC41D7C05F500529E44 /* 124.png in Resources */,
				2E468AF01D7C05F500529E44 /* 168.png in Resources */,
				2E468AC51D7C05F500529E44 /* 125.png in Resources */,
				2E468B111D7C05F500529E44 /* 201.png in Resources */,
				2E468AB11D7C05F500529E44 /* 105.png in Resources */,
				2E468AF91D7C05F500529E44 /* 177.png in Resources */,
				2E468B171D7C05F500529E44 /* 584-location@3x.png in Resources */,
				2E468AC11D7C05F500529E44 /* 121.png in Resources */,
				2E468AAE1D7C05F500529E44 /* 102.png in Resources */,
				2E468B061D7C05F500529E44 /* 190.png in Resources */,
				2E468ABB1D7C05F500529E44 /* 115.png in Resources */,
				2E468B251D7C05F500529E44 /* 药箱@3x.png in Resources */,
				2E468ACA1D7C05F500529E44 /* 130.png in Resources */,
				2E468AB61D7C05F500529E44 /* 110.png in Resources */,
				2EF4EC0D1D7C7022003CD779 /* tab_c1.png in Resources */,
				2E468B031D7C05F500529E44 /* 187.png in Resources */,
				2E468ABA1D7C05F500529E44 /* 114.png in Resources */,
				2EF4EC611D82E96F003CD779 /* qdy.png in Resources */,
				2E468AC71D7C05F500529E44 /* 127.png in Resources */,
				2E468B131D7C05F500529E44 /* graylogo.png in Resources */,
				2E468AFE1D7C05F500529E44 /* 182.png in Resources */,
				2E468AD01D7C05F500529E44 /* 136.png in Resources */,
				2E468AD31D7C05F500529E44 /* 139.png in Resources */,
				2E468ADC1D7C05F500529E44 /* 148.png in Resources */,
				2E468ACC1D7C05F500529E44 /* 132.png in Resources */,
				2EF4EC0A1D7C6CEB003CD779 /* 726-star@2x.png in Resources */,
				2E468ADE1D7C05F500529E44 /* 150.png in Resources */,
				2E468AEA1D7C05F500529E44 /* 162.png in Resources */,
				2E468B041D7C05F500529E44 /* 188.png in Resources */,
				2E468AEF1D7C05F500529E44 /* 167.png in Resources */,
				2E468AD11D7C05F500529E44 /* 137.png in Resources */,
				2E468B1D1D7C05F500529E44 /* 分享@3x.png in Resources */,
				2E468AB21D7C05F500529E44 /* 106.png in Resources */,
				2E468B221D7C05F500529E44 /* 社区@2x.png in Resources */,
				2E468AEC1D7C05F500529E44 /* 164.png in Resources */,
				2E468AB41D7C05F500529E44 /* 108.png in Resources */,
				2E468B271D7C05F500529E44 /* 资讯@2x.png in Resources */,
				2E468AF11D7C05F500529E44 /* 169.png in Resources */,
				2E468B141D7C05F500529E44 /* hospital.json in Resources */,
				2E468B241D7C05F500529E44 /* 药箱@2x.png in Resources */,
				2E468B0D1D7C05F500529E44 /* 197.png in Resources */,
				2E468AAF1D7C05F500529E44 /* 103.png in Resources */,
				2E468B1B1D7C05F500529E44 /* 766-arrow-right@3x.png in Resources */,
				2E468AD41D7C05F500529E44 /* 140.png in Resources */,
				2E468AE81D7C05F500529E44 /* 160.png in Resources */,
				2E468ACD1D7C05F500529E44 /* 133.png in Resources */,
				2E468AB81D7C05F500529E44 /* 112.png in Resources */,
				2E468AB71D7C05F500529E44 /* 111.png in Resources */,
				2E468AB91D7C05F500529E44 /* 113.png in Resources */,
				2E468AEB1D7C05F500529E44 /* 163.png in Resources */,
				2EF4EC261D7DB298003CD779 /* 748-heart-toolbar.png in Resources */,
				2E468ABE1D7C05F500529E44 /* 118.png in Resources */,
				2E468AE01D7C05F500529E44 /* 152.png in Resources */,
				2E468B101D7C05F500529E44 /* 200.png in Resources */,
				2E468B231D7C05F500529E44 /* 社区@3x.png in Resources */,
				2E468ABF1D7C05F500529E44 /* 119.png in Resources */,
				2E468AF81D7C05F500529E44 /* 176.png in Resources */,
				2E468AFA1D7C05F500529E44 /* 178.png in Resources */,
				2E468B1E1D7C05F500529E44 /* 分类@2x.png in Resources */,
				2E468B1A1D7C05F500529E44 /* 766-arrow-right@2x.png in Resources */,
				2E468AF31D7C05F500529E44 /* 171.png in Resources */,
				2E468ACF1D7C05F500529E44 /* 135.png in Resources */,
				2E468AC01D7C05F500529E44 /* 120.png in Resources */,
				2E468AFB1D7C05F500529E44 /* 179.png in Resources */,
				2E468AF61D7C05F500529E44 /* 174.png in Resources */,
				2E468ACE1D7C05F500529E44 /* 134.png in Resources */,
				2E468AD81D7C05F500529E44 /* 144.png in Resources */,
				2E468AB51D7C05F500529E44 /* 109.png in Resources */,
				2E468AFC1D7C05F500529E44 /* 180.png in Resources */,
				2E468AE41D7C05F500529E44 /* 156.png in Resources */,
				2E468B121D7C05F500529E44 /* gooddoctor.json in Resources */,
				2EF4EC0B1D7C6CEB003CD779 /* 726-star@3x.png in Resources */,
				2E468B261D7C05F500529E44 /* 药箱_03.png in Resources */,
				2E468AF51D7C05F500529E44 /* 173.png in Resources */,
				2E468B0F1D7C05F500529E44 /* 199.png in Resources */,
				2E468AD91D7C05F500529E44 /* 145.png in Resources */,
				2E4689C31D7C054F00529E44 /* Main.storyboard in Resources */,
				2EF4EC111D7C7711003CD779 /* ThankViewController.xib in Resources */,
			);
			runOnlyForDeploymentPostprocessing = 0;
		};
/* End PBXResourcesBuildPhase section */

/* Begin PBXShellScriptBuildPhase section */
		105AC560E3C3F0009F6F5E3E /* [CP] Check Pods Manifest.lock */ = {
			isa = PBXShellScriptBuildPhase;
			buildActionMask = 2147483647;
			files = (
			);
			inputPaths = (
			);
			name = "[CP] Check Pods Manifest.lock";
			outputPaths = (
			);
			runOnlyForDeploymentPostprocessing = 0;
			shellPath = /bin/sh;
			shellScript = "diff \"${PODS_ROOT}/../Podfile.lock\" \"${PODS_ROOT}/Manifest.lock\" > /dev/null\nif [[ $? != 0 ]] ; then\n    cat << EOM\nerror: The sandbox is not in sync with the Podfile.lock. Run 'pod install' or update your CocoaPods installation.\nEOM\n    exit 1\nfi\n";
			showEnvVarsInLog = 0;
		};
		1DE492DE1B43E5604D17F62D /* [CP] Copy Pods Resources */ = {
			isa = PBXShellScriptBuildPhase;
			buildActionMask = 2147483647;
			files = (
			);
			inputPaths = (
			);
			name = "[CP] Copy Pods Resources";
			outputPaths = (
			);
			runOnlyForDeploymentPostprocessing = 0;
			shellPath = /bin/sh;
			shellScript = "\"${SRCROOT}/Pods/Target Support Files/Pods-LoveDog/Pods-LoveDog-resources.sh\"\n";
			showEnvVarsInLog = 0;
		};
		378D37B42EF97196933427DC /* [CP] Embed Pods Frameworks */ = {
			isa = PBXShellScriptBuildPhase;
			buildActionMask = 2147483647;
			files = (
			);
			inputPaths = (
			);
			name = "[CP] Embed Pods Frameworks";
			outputPaths = (
			);
			runOnlyForDeploymentPostprocessing = 0;
			shellPath = /bin/sh;
			shellScript = "\"${SRCROOT}/Pods/Target Support Files/Pods-LoveDog/Pods-LoveDog-frameworks.sh\"\n";
			showEnvVarsInLog = 0;
		};
/* End PBXShellScriptBuildPhase section */

/* Begin PBXSourcesBuildPhase section */
		2E4689B61D7C054F00529E44 /* Sources */ = {
			isa = PBXSourcesBuildPhase;
			buildActionMask = 2147483647;
			files = (
				2E4689DE1D7C05D900529E44 /* BaseRequest.swift in Sources */,
				2E468AA11D7C05F500529E44 /* OtherPetsViewController.swift in Sources */,
				2EF4EC371D804651003CD779 /* FeedsViewController.swift in Sources */,
				2E468A9E1D7C05F500529E44 /* DocCollectionViewCell.swift in Sources */,
				2E468A911D7C05F500529E44 /* HealthDetailViewController.swift in Sources */,
				2EF4EC1A1D7D994C003CD779 /* LikeDogViewController.swift in Sources */,
				2E468A971D7C05F500529E44 /* RegionViewController.swift in Sources */,
				2E468A901D7C05F500529E44 /* DogHealthViewController.swift in Sources */,
				2E468A9A1D7C05F500529E44 /* DogModel.swift in Sources */,
				2E468A921D7C05F500529E44 /* HospitalModel.swift in Sources */,
				2E468A951D7C05F500529E44 /* QFRefeshHeader.swift in Sources */,
				2EF4EC2C1D7F0FE8003CD779 /* OtherPetsCell.swift in Sources */,
				2E468A8F1D7C05F500529E44 /* DoctorViewCell.swift in Sources */,
				2E468A961D7C05F500529E44 /* LocationCell.swift in Sources */,
				2E468A991D7C05F500529E44 /* DogKindViewController.swift in Sources */,
				2E4689E01D7C05D900529E44 /* MD5Tool.swift in Sources */,
				2E468A8B1D7C05F500529E44 /* MyselfViewController.swift in Sources */,
				2E468AA01D7C05F500529E44 /* MainViewController.swift in Sources */,
				2E468A9C1D7C05F500529E44 /* SearchDogCell.swift in Sources */,
				2E468A981D7C05F500529E44 /* DogDetailViewController.swift in Sources */,
				2E4689DF1D7C05D900529E44 /* HDManager.m in Sources */,
				2E468A931D7C05F500529E44 /* HospitalNetworkManager.swift in Sources */,
				2E468AAA1D7C05F500529E44 /* MainWebviewViewController.swift in Sources */,
				2E468AA31D7C05F500529E44 /* CuringCell.swift in Sources */,
				2E4689DC1D7C05D900529E44 /* CycleImageCell.m in Sources */,
				2EF4EC631D838EBA003CD779 /* PhotoViewController.swift in Sources */,
				2E468AAB1D7C05F500529E44 /* DogTabBarController.swift in Sources */,
				2E468A941D7C05F500529E44 /* HospViewCell.swift in Sources */,
				2E468AA61D7C05F500529E44 /* MainDetailCell.swift in Sources */,
				2EF4EC311D7F1B82003CD779 /* OtherPetsCell2.swift in Sources */,
				2E468A9B1D7C05F500529E44 /* KindSearchViewController.swift in Sources */,
				2E468AA71D7C05F500529E44 /* MainDetailViewController.swift in Sources */,
				2E4689C01D7C054F00529E44 /* ViewController.swift in Sources */,
				2EF4EC2A1D7F0C74003CD779 /* NaviTitleView.swift in Sources */,
				2EF4EC321D7F1B82003CD779 /* OtherPetsCell3.swift in Sources */,
				2E468AA81D7C05F500529E44 /* MainModel.swift in Sources */,
				2EF4EC3B1D8047F6003CD779 /* FeedsModel.swift in Sources */,
				2E4689DD1D7C05D900529E44 /* XTADScrollView.m in Sources */,
				2E468AA51D7C05F500529E44 /* CuringViewController.swift in Sources */,
				2E468AA21D7C05F500529E44 /* CureDetailViewController.swift in Sources */,
				2E4689BE1D7C054F00529E44 /* AppDelegate.swift in Sources */,
				2E468A8E1D7C05F500529E44 /* DoctorNetworkManager.swift in Sources */,
				2E468A9F1D7C05F500529E44 /* DocViewCell.swift in Sources */,
				2EF4EC181D7D83B7003CD779 /* FMDBDataManager.swift in Sources */,
				2EF4EC1C1D7DA72B003CD779 /* LikeDogCell.swift in Sources */,
				2E4689E11D7C05D900529E44 /* Tools.swift in Sources */,
				2E468AA41D7C05F500529E44 /* CuringModel.swift in Sources */,
				2EF4EC301D7F1B82003CD779 /* OtherPetsCell1.swift in Sources */,
				2E468AA91D7C05F500529E44 /* MainNetManager.swift in Sources */,
				2EF4EC391D8046EE003CD779 /* FeedsCell.swift in Sources */,
				2EF4EC101D7C7711003CD779 /* ThankViewController.swift in Sources */,
				2E468A8D1D7C05F500529E44 /* DoctorModel.swift in Sources */,
			);
			runOnlyForDeploymentPostprocessing = 0;
		};
/* End PBXSourcesBuildPhase section */

/* Begin PBXVariantGroup section */
		2E4689C11D7C054F00529E44 /* Main.storyboard */ = {
			isa = PBXVariantGroup;
			children = (
				2E4689C21D7C054F00529E44 /* Base */,
			);
			name = Main.storyboard;
			sourceTree = "<group>";
		};
		2E4689C61D7C054F00529E44 /* LaunchScreen.storyboard */ = {
			isa = PBXVariantGroup;
			children = (
				2E4689C71D7C054F00529E44 /* Base */,
			);
			name = LaunchScreen.storyboard;
			sourceTree = "<group>";
		};
/* End PBXVariantGroup section */

/* Begin XCBuildConfiguration section */
		2E4689CA1D7C054F00529E44 /* Debug */ = {
			isa = XCBuildConfiguration;
			buildSettings = {
				ALWAYS_SEARCH_USER_PATHS = NO;
				CLANG_ANALYZER_NONNULL = YES;
				CLANG_CXX_LANGUAGE_STANDARD = "gnu++0x";
				CLANG_CXX_LIBRARY = "libc++";
				CLANG_ENABLE_MODULES = YES;
				CLANG_ENABLE_OBJC_ARC = YES;
				CLANG_WARN_BOOL_CONVERSION = YES;
				CLANG_WARN_CONSTANT_CONVERSION = YES;
				CLANG_WARN_DIRECT_OBJC_ISA_USAGE = YES_ERROR;
				CLANG_WARN_EMPTY_BODY = YES;
				CLANG_WARN_ENUM_CONVERSION = YES;
				CLANG_WARN_INT_CONVERSION = YES;
				CLANG_WARN_OBJC_ROOT_CLASS = YES_ERROR;
				CLANG_WARN_UNREACHABLE_CODE = YES;
				CLANG_WARN__DUPLICATE_METHOD_MATCH = YES;
				CODE_SIGN_IDENTITY = "iPhone Distribution: hao sheng (3V5VPDV58H)";
				"CODE_SIGN_IDENTITY[sdk=iphoneos*]" = "iPhone Distribution: hao sheng (3V5VPDV58H)";
				COPY_PHASE_STRIP = NO;
				DEBUG_INFORMATION_FORMAT = dwarf;
				ENABLE_STRICT_OBJC_MSGSEND = YES;
				ENABLE_TESTABILITY = YES;
				GCC_C_LANGUAGE_STANDARD = gnu99;
				GCC_DYNAMIC_NO_PIC = NO;
				GCC_NO_COMMON_BLOCKS = YES;
				GCC_OPTIMIZATION_LEVEL = 0;
				GCC_PREPROCESSOR_DEFINITIONS = (
					"DEBUG=1",
					"$(inherited)",
				);
				GCC_WARN_64_TO_32_BIT_CONVERSION = YES;
				GCC_WARN_ABOUT_RETURN_TYPE = YES_ERROR;
				GCC_WARN_UNDECLARED_SELECTOR = YES;
				GCC_WARN_UNINITIALIZED_AUTOS = YES_AGGRESSIVE;
				GCC_WARN_UNUSED_FUNCTION = YES;
				GCC_WARN_UNUSED_VARIABLE = YES;
				IPHONEOS_DEPLOYMENT_TARGET = 9.3;
				MTL_ENABLE_DEBUG_INFO = YES;
				ONLY_ACTIVE_ARCH = YES;
				PROVISIONING_PROFILE = "9360ac38-472a-4289-9e6b-5a0c58f09218";
				SDKROOT = iphoneos;
				SWIFT_OPTIMIZATION_LEVEL = "-Onone";
				TARGETED_DEVICE_FAMILY = "1,2";
			};
			name = Debug;
		};
		2E4689CB1D7C054F00529E44 /* Release */ = {
			isa = XCBuildConfiguration;
			buildSettings = {
				ALWAYS_SEARCH_USER_PATHS = NO;
				CLANG_ANALYZER_NONNULL = YES;
				CLANG_CXX_LANGUAGE_STANDARD = "gnu++0x";
				CLANG_CXX_LIBRARY = "libc++";
				CLANG_ENABLE_MODULES = YES;
				CLANG_ENABLE_OBJC_ARC = YES;
				CLANG_WARN_BOOL_CONVERSION = YES;
				CLANG_WARN_CONSTANT_CONVERSION = YES;
				CLANG_WARN_DIRECT_OBJC_ISA_USAGE = YES_ERROR;
				CLANG_WARN_EMPTY_BODY = YES;
				CLANG_WARN_ENUM_CONVERSION = YES;
				CLANG_WARN_INT_CONVERSION = YES;
				CLANG_WARN_OBJC_ROOT_CLASS = YES_ERROR;
				CLANG_WARN_UNREACHABLE_CODE = YES;
				CLANG_WARN__DUPLICATE_METHOD_MATCH = YES;
				CODE_SIGN_IDENTITY = "iPhone Distribution: hao sheng (3V5VPDV58H)";
				"CODE_SIGN_IDENTITY[sdk=iphoneos*]" = "iPhone Distribution: hao sheng (3V5VPDV58H)";
				COPY_PHASE_STRIP = NO;
				DEBUG_INFORMATION_FORMAT = "dwarf-with-dsym";
				ENABLE_NS_ASSERTIONS = NO;
				ENABLE_STRICT_OBJC_MSGSEND = YES;
				GCC_C_LANGUAGE_STANDARD = gnu99;
				GCC_NO_COMMON_BLOCKS = YES;
				GCC_WARN_64_TO_32_BIT_CONVERSION = YES;
				GCC_WARN_ABOUT_RETURN_TYPE = YES_ERROR;
				GCC_WARN_UNDECLARED_SELECTOR = YES;
				GCC_WARN_UNINITIALIZED_AUTOS = YES_AGGRESSIVE;
				GCC_WARN_UNUSED_FUNCTION = YES;
				GCC_WARN_UNUSED_VARIABLE = YES;
				IPHONEOS_DEPLOYMENT_TARGET = 9.3;
				MTL_ENABLE_DEBUG_INFO = NO;
				PROVISIONING_PROFILE = "9360ac38-472a-4289-9e6b-5a0c58f09218";
				SDKROOT = iphoneos;
				TARGETED_DEVICE_FAMILY = "1,2";
				VALIDATE_PRODUCT = YES;
			};
			name = Release;
		};
		2E4689CD1D7C054F00529E44 /* Debug */ = {
			isa = XCBuildConfiguration;
			baseConfigurationReference = 87B5D8266DFB1053C14C8520 /* Pods-LoveDog.debug.xcconfig */;
			buildSettings = {
				ASSETCATALOG_COMPILER_APPICON_NAME = AppIcon;
				CODE_SIGN_IDENTITY = "iPhone Developer";
				"CODE_SIGN_IDENTITY[sdk=iphoneos*]" = "iPhone Developer";
				FRAMEWORK_SEARCH_PATHS = (
					"$(inherited)",
					"\"$PODS_CONFIGURATION_BUILD_DIR/JSONModel\"",
					"\"$PODS_CONFIGURATION_BUILD_DIR/MBProgressHUD\"",
					"\"$PODS_CONFIGURATION_BUILD_DIR/MJRefresh\"",
					"\"$PODS_CONFIGURATION_BUILD_DIR/SDWebImage\"",
					"\"${PODS_ROOT}/MOBFoundation\"",
					"\"${PODS_ROOT}/ShareSDK3/ShareSDK/Support/Optional\"",
				);
				INFOPLIST_FILE = LoveDog/Info.plist;
				IPHONEOS_DEPLOYMENT_TARGET = 8.0;
				LD_RUNPATH_SEARCH_PATHS = "$(inherited) @executable_path/Frameworks";
				PRODUCT_BUNDLE_IDENTIFIER = com.WQJ.LoveDog;
				PRODUCT_NAME = "$(TARGET_NAME)";
				PROVISIONING_PROFILE = "";
				SWIFT_OBJC_BRIDGING_HEADER = "${SRCROOT}/Common/BridgerHeader.h";
				TARGETED_DEVICE_FAMILY = 1;
			};
			name = Debug;
		};
		2E4689CE1D7C054F00529E44 /* Release */ = {
			isa = XCBuildConfiguration;
			baseConfigurationReference = 08B49F9B0B570A495650E4F2 /* Pods-LoveDog.release.xcconfig */;
			buildSettings = {
				ASSETCATALOG_COMPILER_APPICON_NAME = AppIcon;
				CODE_SIGN_IDENTITY = "iPhone Developer";
				"CODE_SIGN_IDENTITY[sdk=iphoneos*]" = "iPhone Developer";
				INFOPLIST_FILE = LoveDog/Info.plist;
				IPHONEOS_DEPLOYMENT_TARGET = 8.0;
				LD_RUNPATH_SEARCH_PATHS = "$(inherited) @executable_path/Frameworks";
				PRODUCT_BUNDLE_IDENTIFIER = com.WQJ.LoveDog;
				PRODUCT_NAME = "$(TARGET_NAME)";
				PROVISIONING_PROFILE = "";
				SWIFT_OBJC_BRIDGING_HEADER = "${SRCROOT}/Common/BridgerHeader.h";
				TARGETED_DEVICE_FAMILY = 1;
			};
			name = Release;
		};
/* End XCBuildConfiguration section */

/* Begin XCConfigurationList section */
		2E4689B51D7C054F00529E44 /* Build configuration list for PBXProject "LoveDog" */ = {
			isa = XCConfigurationList;
			buildConfigurations = (
				2E4689CA1D7C054F00529E44 /* Debug */,
				2E4689CB1D7C054F00529E44 /* Release */,
			);
			defaultConfigurationIsVisible = 0;
			defaultConfigurationName = Release;
		};
		2E4689CC1D7C054F00529E44 /* Build configuration list for PBXNativeTarget "LoveDog" */ = {
			isa = XCConfigurationList;
			buildConfigurations = (
				2E4689CD1D7C054F00529E44 /* Debug */,
				2E4689CE1D7C054F00529E44 /* Release */,
			);
			defaultConfigurationIsVisible = 0;
			defaultConfigurationName = Release;
		};
/* End XCConfigurationList section */
	};
	rootObject = 2E4689B21D7C054F00529E44 /* Project object */;
}
